// !$*UTF8*$!
{
	archiveVersion = 1;
	classes = {
	};
	objectVersion = 46;
	objects = {

/* Begin PBXBuildFile section */
		E47512681EA0B00000F5415A /* AppDelegate.swift in Sources */ = {isa = PBXBuildFile; fileRef = E47512671EA0B00000F5415A /* AppDelegate.swift */; };
		E475126A1EA0B00000F5415A /* ViewController.swift in Sources */ = {isa = PBXBuildFile; fileRef = E47512691EA0B00000F5415A /* ViewController.swift */; };
		E475126D1EA0B00000F5415A /* Main.storyboard in Resources */ = {isa = PBXBuildFile; fileRef = E475126B1EA0B00000F5415A /* Main.storyboard */; };
		E475126F1EA0B00000F5415A /* Assets.xcassets in Resources */ = {isa = PBXBuildFile; fileRef = E475126E1EA0B00000F5415A /* Assets.xcassets */; };
		E47512721EA0B00000F5415A /* LaunchScreen.storyboard in Resources */ = {isa = PBXBuildFile; fileRef = E47512701EA0B00000F5415A /* LaunchScreen.storyboard */; };
		E475127D1EA0B00100F5415A /* SimpleTableViewDemoTests.swift in Sources */ = {isa = PBXBuildFile; fileRef = E475127C1EA0B00100F5415A /* SimpleTableViewDemoTests.swift */; };
/* End PBXBuildFile section */

/* Begin PBXContainerItemProxy section */
		E47512791EA0B00100F5415A /* PBXContainerItemProxy */ = {
			isa = PBXContainerItemProxy;
			containerPortal = E475125C1EA0B00000F5415A /* Project object */;
			proxyType = 1;
			remoteGlobalIDString = E47512631EA0B00000F5415A;
			remoteInfo = SimpleTableViewDemo;
		};
/* End PBXContainerItemProxy section */

/* Begin PBXFileReference section */
		E47512641EA0B00000F5415A /* SimpleTableViewDemo.app */ = {isa = PBXFileReference; explicitFileType = wrapper.application; includeInIndex = 0; path = SimpleTableViewDemo.app; sourceTree = BUILT_PRODUCTS_DIR; };
		E47512671EA0B00000F5415A /* AppDelegate.swift */ = {isa = PBXFileReference; lastKnownFileType = sourcecode.swift; path = AppDelegate.swift; sourceTree = "<group>"; };
		E47512691EA0B00000F5415A /* ViewController.swift */ = {isa = PBXFileReference; lastKnownFileType = sourcecode.swift; path = ViewController.swift; sourceTree = "<group>"; };
		E475126C1EA0B00000F5415A /* Base */ = {isa = PBXFileReference; lastKnownFileType = file.storyboard; name = Base; path = Base.lproj/Main.storyboard; sourceTree = "<group>"; };
		E475126E1EA0B00000F5415A /* Assets.xcassets */ = {isa = PBXFileReference; lastKnownFileType = folder.assetcatalog; path = Assets.xcassets; sourceTree = "<group>"; };
		E47512711EA0B00000F5415A /* Base */ = {isa = PBXFileReference; lastKnownFileType = file.storyboard; name = Base; path = Base.lproj/LaunchScreen.storyboard; sourceTree = "<group>"; };
		E47512731EA0B00000F5415A /* Info.plist */ = {isa = PBXFileReference; lastKnownFileType = text.plist.xml; path = Info.plist; sourceTree = "<group>"; };
		E47512781EA0B00100F5415A /* SimpleTableViewDemoTests.xctest */ = {isa = PBXFileReference; explicitFileType = wrapper.cfbundle; includeInIndex = 0; path = SimpleTableViewDemoTests.xctest; sourceTree = BUILT_PRODUCTS_DIR; };
		E475127C1EA0B00100F5415A /* SimpleTableViewDemoTests.swift */ = {isa = PBXFileReference; lastKnownFileType = sourcecode.swift; path = SimpleTableViewDemoTests.swift; sourceTree = "<group>"; };
		E475127E1EA0B00100F5415A /* Info.plist */ = {isa = PBXFileReference; lastKnownFileType = text.plist.xml; path = Info.plist; sourceTree = "<group>"; };
/* End PBXFileReference section */

/* Begin PBXFrameworksBuildPhase section */
		E47512611EA0B00000F5415A /* Frameworks */ = {
			isa = PBXFrameworksBuildPhase;
			buildActionMask = 2147483647;
			files = (
			);
			runOnlyForDeploymentPostprocessing = 0;
		};
		E47512751EA0B00100F5415A /* Frameworks */ = {
			isa = PBXFrameworksBuildPhase;
			buildActionMask = 2147483647;
			files = (
			);
			runOnlyForDeploymentPostprocessing = 0;
		};
/* End PBXFrameworksBuildPhase section */

/* Begin PBXGroup section */
		E475125B1EA0B00000F5415A = {
			isa = PBXGroup;
			children = (
				E47512661EA0B00000F5415A /* SimpleTableViewDemo */,
				E475127B1EA0B00100F5415A /* SimpleTableViewDemoTests */,
				E47512651EA0B00000F5415A /* Products */,
			);
			sourceTree = "<group>";
		};
		E47512651EA0B00000F5415A /* Products */ = {
			isa = PBXGroup;
			children = (
				E47512641EA0B00000F5415A /* SimpleTableViewDemo.app */,
				E47512781EA0B00100F5415A /* SimpleTableViewDemoTests.xctest */,
			);
			name = Products;
			sourceTree = "<group>";
		};
		E47512661EA0B00000F5415A /* SimpleTableViewDemo */ = {
			isa = PBXGroup;
			children = (
				E47512671EA0B00000F5415A /* AppDelegate.swift */,
				E47512691EA0B00000F5415A /* ViewController.swift */,
				E475126B1EA0B00000F5415A /* Main.storyboard */,
				E475126E1EA0B00000F5415A /* Assets.xcassets */,
				E47512701EA0B00000F5415A /* LaunchScreen.storyboard */,
				E47512731EA0B00000F5415A /* Info.plist */,
			);
			path = SimpleTableViewDemo;
			sourceTree = "<group>";
		};
		E475127B1EA0B00100F5415A /* SimpleTableViewDemoTests */ = {
			isa = PBXGroup;
			children = (
				E475127C1EA0B00100F5415A /* SimpleTableViewDemoTests.swift */,
				E475127E1EA0B00100F5415A /* Info.plist */,
			);
			path = SimpleTableViewDemoTests;
			sourceTree = "<group>";
		};
/* End PBXGroup section */

/* Begin PBXNativeTarget section */
		E47512631EA0B00000F5415A /* SimpleTableViewDemo */ = {
			isa = PBXNativeTarget;
			buildConfigurationList = E47512811EA0B00100F5415A /* Build configuration list for PBXNativeTarget "SimpleTableViewDemo" */;
			buildPhases = (
				E47512601EA0B00000F5415A /* Sources */,
				E47512611EA0B00000F5415A /* Frameworks */,
				E47512621EA0B00000F5415A /* Resources */,
			);
			buildRules = (
			);
			dependencies = (
			);
			name = SimpleTableViewDemo;
			productName = SimpleTableViewDemo;
			productReference = E47512641EA0B00000F5415A /* SimpleTableViewDemo.app */;
			productType = "com.apple.product-type.application";
		};
		E47512771EA0B00100F5415A /* SimpleTableViewDemoTests */ = {
			isa = PBXNativeTarget;
			buildConfigurationList = E47512841EA0B00100F5415A /* Build configuration list for PBXNativeTarget "SimpleTableViewDemoTests" */;
			buildPhases = (
				E47512741EA0B00100F5415A /* Sources */,
				E47512751EA0B00100F5415A /* Frameworks */,
				E47512761EA0B00100F5415A /* Resources */,
			);
			buildRules = (
			);
			dependencies = (
				E475127A1EA0B00100F5415A /* PBXTargetDependency */,
			);
			name = SimpleTableViewDemoTests;
			productName = SimpleTableViewDemoTests;
			productReference = E47512781EA0B00100F5415A /* SimpleTableViewDemoTests.xctest */;
			productType = "com.apple.product-type.bundle.unit-test";
		};
/* End PBXNativeTarget section */

/* Begin PBXProject section */
		E475125C1EA0B00000F5415A /* Project object */ = {
			isa = PBXProject;
			attributes = {
				LastSwiftUpdateCheck = 0830;
				LastUpgradeCheck = 0830;
				ORGANIZATIONNAME = "Carl Lee";
				TargetAttributes = {
					E47512631EA0B00000F5415A = {
						CreatedOnToolsVersion = 8.3.1;
						ProvisioningStyle = Automatic;
					};
					E47512771EA0B00100F5415A = {
						CreatedOnToolsVersion = 8.3.1;
						ProvisioningStyle = Automatic;
						TestTargetID = E47512631EA0B00000F5415A;
					};
				};
			};
			buildConfigurationList = E475125F1EA0B00000F5415A /* Build configuration list for PBXProject "SimpleTableViewDemo" */;
			compatibilityVersion = "Xcode 3.2";
			developmentRegion = English;
			hasScannedForEncodings = 0;
			knownRegions = (
				en,
				Base,
			);
			mainGroup = E475125B1EA0B00000F5415A;
			productRefGroup = E47512651EA0B00000F5415A /* Products */;
			projectDirPath = "";
			projectRoot = "";
			targets = (
				E47512631EA0B00000F5415A /* SimpleTableViewDemo */,
				E47512771EA0B00100F5415A /* SimpleTableViewDemoTests */,
			);
		};
/* End PBXProject section */

/* Begin PBXResourcesBuildPhase section */
		E47512621EA0B00000F5415A /* Resources */ = {
			isa = PBXResourcesBuildPhase;
			buildActionMask = 2147483647;
			files = (
				E47512721EA0B00000F5415A /* LaunchScreen.storyboard in Resources */,
				E475126F1EA0B00000F5415A /* Assets.xcassets in Resources */,
				E475126D1EA0B00000F5415A /* Main.storyboard in Resources */,
			);
			runOnlyForDeploymentPostprocessing = 0;
		};
		E47512761EA0B00100F5415A /* Resources */ = {
			isa = PBXResourcesBuildPhase;
			buildActionMask = 2147483647;
			files = (
			);
			runOnlyForDeploymentPostprocessing = 0;
		};
/* End PBXResourcesBuildPhase section */

/* Begin PBXSourcesBuildPhase section */
		E47512601EA0B00000F5415A /* Sources */ = {
			isa = PBXSourcesBuildPhase;
			buildActionMask = 2147483647;
			files = (
				E475126A1EA0B00000F5415A /* ViewController.swift in Sources */,
				E47512681EA0B00000F5415A /* AppDelegate.swift in Sources */,
			);
			runOnlyForDeploymentPostprocessing = 0;
		};
		E47512741EA0B00100F5415A /* Sources */ = {
			isa = PBXSourcesBuildPhase;
			buildActionMask = 2147483647;
			files = (
				E475127D1EA0B00100F5415A /* SimpleTableViewDemoTests.swift in Sources */,
			);
			runOnlyForDeploymentPostprocessing = 0;
		};
/* End PBXSourcesBuildPhase section */

/* Begin PBXTargetDependency section */
		E475127A1EA0B00100F5415A /* PBXTargetDependency */ = {
			isa = PBXTargetDependency;
			target = E47512631EA0B00000F5415A /* SimpleTableViewDemo */;
			targetProxy = E47512791EA0B00100F5415A /* PBXContainerItemProxy */;
		};
/* End PBXTargetDependency section */

/* Begin PBXVariantGroup section */
		E475126B1EA0B00000F5415A /* Main.storyboard */ = {
			isa = PBXVariantGroup;
			children = (
				E475126C1EA0B00000F5415A /* Base */,
			);
			name = Main.storyboard;
			sourceTree = "<group>";
		};
		E47512701EA0B00000F5415A /* LaunchScreen.storyboard */ = {
			isa = PBXVariantGroup;
			children = (
				E47512711EA0B00000F5415A /* Base */,
			);
			name = LaunchScreen.storyboard;
			sourceTree = "<group>";
		};
/* End PBXVariantGroup section */

/* Begin XCBuildConfiguration section */
		E475127F1EA0B00100F5415A /* Debug */ = {
			isa = XCBuildConfiguration;
			buildSettings = {
				ALWAYS_SEARCH_USER_PATHS = NO;
				CLANG_ANALYZER_NONNULL = YES;
				CLANG_ANALYZER_NUMBER_OBJECT_CONVERSION = YES_AGGRESSIVE;
				CLANG_CXX_LANGUAGE_STANDARD = "gnu++0x";
				CLANG_CXX_LIBRARY = "libc++";
				CLANG_ENABLE_MODULES = YES;
				CLANG_ENABLE_OBJC_ARC = YES;
				CLANG_WARN_BOOL_CONVERSION = YES;
				CLANG_WARN_CONSTANT_CONVERSION = YES;
				CLANG_WARN_DIRECT_OBJC_ISA_USAGE = YES_ERROR;
				CLANG_WARN_DOCUMENTATION_COMMENTS = YES;
				CLANG_WARN_EMPTY_BODY = YES;
				CLANG_WARN_ENUM_CONVERSION = YES;
				CLANG_WARN_INFINITE_RECURSION = YES;
				CLANG_WARN_INT_CONVERSION = YES;
				CLANG_WARN_OBJC_ROOT_CLASS = YES_ERROR;
				CLANG_WARN_SUSPICIOUS_MOVE = YES;
				CLANG_WARN_UNREACHABLE_CODE = YES;
				CLANG_WARN__DUPLICATE_METHOD_MATCH = YES;
				"CODE_SIGN_IDENTITY[sdk=iphoneos*]" = "iPhone Developer";
				COPY_PHASE_STRIP = NO;
				DEBUG_INFORMATION_FORMAT = dwarf;
				ENABLE_STRICT_OBJC_MSGSEND = YES;
				ENABLE_TESTABILITY = YES;
				GCC_C_LANGUAGE_STANDARD = gnu99;
				GCC_DYNAMIC_NO_PIC = NO;
				GCC_NO_COMMON_BLOCKS = YES;
				GCC_OPTIMIZATION_LEVEL = 0;
				GCC_PREPROCESSOR_DEFINITIONS = (
					"DEBUG=1",
					"$(inherited)",
				);
				GCC_WARN_64_TO_32_BIT_CONVERSION = YES;
				GCC_WARN_ABOUT_RETURN_TYPE = YES_ERROR;
				GCC_WARN_UNDECLARED_SELECTOR = YES;
				GCC_WARN_UNINITIALIZED_AUTOS = YES_AGGRESSIVE;
				GCC_WARN_UNUSED_FUNCTION = YES;
				GCC_WARN_UNUSED_VARIABLE = YES;
				IPHONEOS_DEPLOYMENT_TARGET = 10.3;
				MTL_ENABLE_DEBUG_INFO = YES;
				ONLY_ACTIVE_ARCH = YES;
				SDKROOT = iphoneos;
				SWIFT_ACTIVE_COMPILATION_CONDITIONS = DEBUG;
				SWIFT_OPTIMIZATION_LEVEL = "-Onone";
				TARGETED_DEVICE_FAMILY = "1,2";
			};
			name = Debug;
		};
		E47512801EA0B00100F5415A /* Release */ = {
			isa = XCBuildConfiguration;
			buildSettings = {
				ALWAYS_SEARCH_USER_PATHS = NO;
				CLANG_ANALYZER_NONNULL = YES;
				CLANG_ANALYZER_NUMBER_OBJECT_CONVERSION = YES_AGGRESSIVE;
				CLANG_CXX_LANGUAGE_STANDARD = "gnu++0x";
				CLANG_CXX_LIBRARY = "libc++";
				CLANG_ENABLE_MODULES = YES;
				CLANG_ENABLE_OBJC_ARC = YES;
				CLANG_WARN_BOOL_CONVERSION = YES;
				CLANG_WARN_CONSTANT_CONVERSION = YES;
				CLANG_WARN_DIRECT_OBJC_ISA_USAGE = YES_ERROR;
				CLANG_WARN_DOCUMENTATION_COMMENTS = YES;
				CLANG_WARN_EMPTY_BODY = YES;
				CLANG_WARN_ENUM_CONVERSION = YES;
				CLANG_WARN_INFINITE_RECURSION = YES;
				CLANG_WARN_INT_CONVERSION = YES;
				CLANG_WARN_OBJC_ROOT_CLASS = YES_ERROR;
				CLANG_WARN_SUSPICIOUS_MOVE = YES;
				CLANG_WARN_UNREACHABLE_CODE = YES;
				CLANG_WARN__DUPLICATE_METHOD_MATCH = YES;
				"CODE_SIGN_IDENTITY[sdk=iphoneos*]" = "iPhone Developer";
				COPY_PHASE_STRIP = NO;
				DEBUG_INFORMATION_FORMAT = "dwarf-with-dsym";
				ENABLE_NS_ASSERTIONS = NO;
				ENABLE_STRICT_OBJC_MSGSEND = YES;
				GCC_C_LANGUAGE_STANDARD = gnu99;
				GCC_NO_COMMON_BLOCKS = YES;
				GCC_WARN_64_TO_32_BIT_CONVERSION = YES;
				GCC_WARN_ABOUT_RETURN_TYPE = YES_ERROR;
				GCC_WARN_UNDECLARED_SELECTOR = YES;
				GCC_WARN_UNINITIALIZED_AUTOS = YES_AGGRESSIVE;
				GCC_WARN_UNUSED_FUNCTION = YES;
				GCC_WARN_UNUSED_VARIABLE = YES;
				IPHONEOS_DEPLOYMENT_TARGET = 10.3;
				MTL_ENABLE_DEBUG_INFO = NO;
				SDKROOT = iphoneos;
				SWIFT_OPTIMIZATION_LEVEL = "-Owholemodule";
				TARGETED_DEVICE_FAMILY = "1,2";
				VALIDATE_PRODUCT = YES;
			};
			name = Release;
		};
		E47512821EA0B00100F5415A /* Debug */ = {
			isa = XCBuildConfiguration;
			buildSettings = {
				ASSETCATALOG_COMPILER_APPICON_NAME = AppIcon;
				INFOPLIST_FILE = SimpleTableViewDemo/Info.plist;
				LD_RUNPATH_SEARCH_PATHS = "$(inherited) @executable_path/Frameworks";
				PRODUCT_BUNDLE_IDENTIFIER = com.pasasoft.SimpleTableViewDemo;
				PRODUCT_NAME = "$(TARGET_NAME)";
				SWIFT_VERSION = 3.0;
			};
			name = Debug;
		};
		E47512831EA0B00100F5415A /* Release */ = {
			isa = XCBuildConfiguration;
			buildSettings = {
				ASSETCATALOG_COMPILER_APPICON_NAME = AppIcon;
				INFOPLIST_FILE = SimpleTableViewDemo/Info.plist;
				LD_RUNPATH_SEARCH_PATHS = "$(inherited) @executable_path/Frameworks";
				PRODUCT_BUNDLE_IDENTIFIER = com.pasasoft.SimpleTableViewDemo;
				PRODUCT_NAME = "$(TARGET_NAME)";
				SWIFT_VERSION = 3.0;
			};
			name = Release;
		};
		E47512851EA0B00100F5415A /* Debug */ = {
			isa = XCBuildConfiguration;
			buildSettings = {
				ALWAYS_EMBED_SWIFT_STANDARD_LIBRARIES = YES;
				BUNDLE_LOADER = "$(TEST_HOST)";
				INFOPLIST_FILE = SimpleTableViewDemoTests/Info.plist;
				LD_RUNPATH_SEARCH_PATHS = "$(inherited) @executable_path/Frameworks @loader_path/Frameworks";
				PRODUCT_BUNDLE_IDENTIFIER = com.pasasoft.SimpleTableViewDemoTests;
				PRODUCT_NAME = "$(TARGET_NAME)";
				SWIFT_VERSION = 3.0;
				TEST_HOST = "$(BUILT_PRODUCTS_DIR)/SimpleTableViewDemo.app/SimpleTableViewDemo";
			};
			name = Debug;
		};
		E47512861EA0B00100F5415A /* Release */ = {
			isa = XCBuildConfiguration;
			buildSettings = {
				ALWAYS_EMBED_SWIFT_STANDARD_LIBRARIES = YES;
				BUNDLE_LOADER = "$(TEST_HOST)";
				INFOPLIST_FILE = SimpleTableViewDemoTests/Info.plist;
				LD_RUNPATH_SEARCH_PATHS = "$(inherited) @executable_path/Frameworks @loader_path/Frameworks";
				PRODUCT_BUNDLE_IDENTIFIER = com.pasasoft.SimpleTableViewDemoTests;
				PRODUCT_NAME = "$(TARGET_NAME)";
				SWIFT_VERSION = 3.0;
				TEST_HOST = "$(BUILT_PRODUCTS_DIR)/SimpleTableViewDemo.app/SimpleTableViewDemo";
			};
			name = Release;
		};
/* End XCBuildConfiguration section */

/* Begin XCConfigurationList section */
		E475125F1EA0B00000F5415A /* Build configuration list for PBXProject "SimpleTableViewDemo" */ = {
			isa = XCConfigurationList;
			buildConfigurations = (
				E475127F1EA0B00100F5415A /* Debug */,
				E47512801EA0B00100F5415A /* Release */,
			);
			defaultConfigurationIsVisible = 0;
			defaultConfigurationName = Release;
		};
		E47512811EA0B00100F5415A /* Build configuration list for PBXNativeTarget "SimpleTableViewDemo" */ = {
			isa = XCConfigurationList;
			buildConfigurations = (
				E47512821EA0B00100F5415A /* Debug */,
				E47512831EA0B00100F5415A /* Release */,
			);
			defaultConfigurationIsVisible = 0;
		};
		E47512841EA0B00100F5415A /* Build configuration list for PBXNativeTarget "SimpleTableViewDemoTests" */ = {
			isa = XCConfigurationList;
			buildConfigurations = (
				E47512851EA0B00100F5415A /* Debug */,
				E47512861EA0B00100F5415A /* Release */,
			);
			defaultConfigurationIsVisible = 0;
		};
/* End XCConfigurationList section */
	};
	rootObject = E475125C1EA0B00000F5415A /* Project object */;
}
