// !$*UTF8*$!
{
	archiveVersion = 1;
	classes = {
	};
	objectVersion = 46;
	objects = {

/* Begin PBXBuildFile section */
		E4F68D041ED6CA8B00AF4087 /* main.swift in Sources */ = {isa = PBXBuildFile; fileRef = E4F68D031ED6CA8B00AF4087 /* main.swift */; };
		E4F68D0B1ED6CA9D00AF4087 /* SystemComponents.swift in Sources */ = {isa = PBXBuildFile; fileRef = E4F68D0A1ED6CA9D00AF4087 /* SystemComponents.swift */; };
		E4F68D0D1ED6CB6200AF4087 /* Authentication.swift in Sources */ = {isa = PBXBuildFile; fileRef = E4F68D0C1ED6CB6200AF4087 /* Authentication.swift */; };
		E4F68D0F1ED6CD5F00AF4087 /* Observer.swift in Sources */ = {isa = PBXBuildFile; fileRef = E4F68D0E1ED6CD5F00AF4087 /* Observer.swift */; };
		E4F68D111ED6DBB000AF4087 /* MetaObserver.swift in Sources */ = {isa = PBXBuildFile; fileRef = E4F68D101ED6DBB000AF4087 /* MetaObserver.swift */; };
/* End PBXBuildFile section */

/* Begin PBXCopyFilesBuildPhase section */
		E4F68CFE1ED6CA8B00AF4087 /* CopyFiles */ = {
			isa = PBXCopyFilesBuildPhase;
			buildActionMask = 2147483647;
			dstPath = /usr/share/man/man1/;
			dstSubfolderSpec = 0;
			files = (
			);
			runOnlyForDeploymentPostprocessing = 1;
		};
/* End PBXCopyFilesBuildPhase section */

/* Begin PBXFileReference section */
		E4F68D001ED6CA8B00AF4087 /* The Observer Pattern */ = {isa = PBXFileReference; explicitFileType = "compiled.mach-o.executable"; includeInIndex = 0; path = "The Observer Pattern"; sourceTree = BUILT_PRODUCTS_DIR; };
		E4F68D031ED6CA8B00AF4087 /* main.swift */ = {isa = PBXFileReference; lastKnownFileType = sourcecode.swift; path = main.swift; sourceTree = "<group>"; };
		E4F68D0A1ED6CA9D00AF4087 /* SystemComponents.swift */ = {isa = PBXFileReference; fileEncoding = 4; lastKnownFileType = sourcecode.swift; path = SystemComponents.swift; sourceTree = "<group>"; };
		E4F68D0C1ED6CB6200AF4087 /* Authentication.swift */ = {isa = PBXFileReference; fileEncoding = 4; lastKnownFileType = sourcecode.swift; path = Authentication.swift; sourceTree = "<group>"; };
		E4F68D0E1ED6CD5F00AF4087 /* Observer.swift */ = {isa = PBXFileReference; fileEncoding = 4; lastKnownFileType = sourcecode.swift; path = Observer.swift; sourceTree = "<group>"; };
		E4F68D101ED6DBB000AF4087 /* MetaObserver.swift */ = {isa = PBXFileReference; fileEncoding = 4; lastKnownFileType = sourcecode.swift; path = MetaObserver.swift; sourceTree = "<group>"; };
/* End PBXFileReference section */

/* Begin PBXFrameworksBuildPhase section */
		E4F68CFD1ED6CA8B00AF4087 /* Frameworks */ = {
			isa = PBXFrameworksBuildPhase;
			buildActionMask = 2147483647;
			files = (
			);
			runOnlyForDeploymentPostprocessing = 0;
		};
/* End PBXFrameworksBuildPhase section */

/* Begin PBXGroup section */
		E4F68CF71ED6CA8B00AF4087 = {
			isa = PBXGroup;
			children = (
				E4F68D021ED6CA8B00AF4087 /* The Observer Pattern */,
				E4F68D011ED6CA8B00AF4087 /* Products */,
			);
			sourceTree = "<group>";
		};
		E4F68D011ED6CA8B00AF4087 /* Products */ = {
			isa = PBXGroup;
			children = (
				E4F68D001ED6CA8B00AF4087 /* The Observer Pattern */,
			);
			name = Products;
			sourceTree = "<group>";
		};
		E4F68D021ED6CA8B00AF4087 /* The Observer Pattern */ = {
			isa = PBXGroup;
			children = (
				E4F68D031ED6CA8B00AF4087 /* main.swift */,
				E4F68D0A1ED6CA9D00AF4087 /* SystemComponents.swift */,
				E4F68D0C1ED6CB6200AF4087 /* Authentication.swift */,
				E4F68D0E1ED6CD5F00AF4087 /* Observer.swift */,
				E4F68D101ED6DBB000AF4087 /* MetaObserver.swift */,
			);
			path = "The Observer Pattern";
			sourceTree = "<group>";
		};
/* End PBXGroup section */

/* Begin PBXNativeTarget section */
		E4F68CFF1ED6CA8B00AF4087 /* The Observer Pattern */ = {
			isa = PBXNativeTarget;
			buildConfigurationList = E4F68D071ED6CA8B00AF4087 /* Build configuration list for PBXNativeTarget "The Observer Pattern" */;
			buildPhases = (
				E4F68CFC1ED6CA8B00AF4087 /* Sources */,
				E4F68CFD1ED6CA8B00AF4087 /* Frameworks */,
				E4F68CFE1ED6CA8B00AF4087 /* CopyFiles */,
			);
			buildRules = (
			);
			dependencies = (
			);
			name = "The Observer Pattern";
			productName = "The Observer Pattern";
			productReference = E4F68D001ED6CA8B00AF4087 /* The Observer Pattern */;
			productType = "com.apple.product-type.tool";
		};
/* End PBXNativeTarget section */

/* Begin PBXProject section */
		E4F68CF81ED6CA8B00AF4087 /* Project object */ = {
			isa = PBXProject;
			attributes = {
				LastSwiftUpdateCheck = 0830;
				LastUpgradeCheck = 0830;
				ORGANIZATIONNAME = "Carl Lee";
				TargetAttributes = {
					E4F68CFF1ED6CA8B00AF4087 = {
						CreatedOnToolsVersion = 8.3.2;
						ProvisioningStyle = Automatic;
					};
				};
			};
			buildConfigurationList = E4F68CFB1ED6CA8B00AF4087 /* Build configuration list for PBXProject "The Observer Pattern" */;
			compatibilityVersion = "Xcode 3.2";
			developmentRegion = English;
			hasScannedForEncodings = 0;
			knownRegions = (
				en,
			);
			mainGroup = E4F68CF71ED6CA8B00AF4087;
			productRefGroup = E4F68D011ED6CA8B00AF4087 /* Products */;
			projectDirPath = "";
			projectRoot = "";
			targets = (
				E4F68CFF1ED6CA8B00AF4087 /* The Observer Pattern */,
			);
		};
/* End PBXProject section */

/* Begin PBXSourcesBuildPhase section */
		E4F68CFC1ED6CA8B00AF4087 /* Sources */ = {
			isa = PBXSourcesBuildPhase;
			buildActionMask = 2147483647;
			files = (
				E4F68D0B1ED6CA9D00AF4087 /* SystemComponents.swift in Sources */,
				E4F68D0F1ED6CD5F00AF4087 /* Observer.swift in Sources */,
				E4F68D041ED6CA8B00AF4087 /* main.swift in Sources */,
				E4F68D0D1ED6CB6200AF4087 /* Authentication.swift in Sources */,
				E4F68D111ED6DBB000AF4087 /* MetaObserver.swift in Sources */,
			);
			runOnlyForDeploymentPostprocessing = 0;
		};
/* End PBXSourcesBuildPhase section */

/* Begin XCBuildConfiguration section */
		E4F68D051ED6CA8B00AF4087 /* Debug */ = {
			isa = XCBuildConfiguration;
			buildSettings = {
				ALWAYS_SEARCH_USER_PATHS = NO;
				CLANG_ANALYZER_NONNULL = YES;
				CLANG_ANALYZER_NUMBER_OBJECT_CONVERSION = YES_AGGRESSIVE;
				CLANG_CXX_LANGUAGE_STANDARD = "gnu++0x";
				CLANG_CXX_LIBRARY = "libc++";
				CLANG_ENABLE_MODULES = YES;
				CLANG_ENABLE_OBJC_ARC = YES;
				CLANG_WARN_BOOL_CONVERSION = YES;
				CLANG_WARN_CONSTANT_CONVERSION = YES;
				CLANG_WARN_DIRECT_OBJC_ISA_USAGE = YES_ERROR;
				CLANG_WARN_DOCUMENTATION_COMMENTS = YES;
				CLANG_WARN_EMPTY_BODY = YES;
				CLANG_WARN_ENUM_CONVERSION = YES;
				CLANG_WARN_INFINITE_RECURSION = YES;
				CLANG_WARN_INT_CONVERSION = YES;
				CLANG_WARN_OBJC_ROOT_CLASS = YES_ERROR;
				CLANG_WARN_SUSPICIOUS_MOVE = YES;
				CLANG_WARN_UNREACHABLE_CODE = YES;
				CLANG_WARN__DUPLICATE_METHOD_MATCH = YES;
				CODE_SIGN_IDENTITY = "-";
				COPY_PHASE_STRIP = NO;
				DEBUG_INFORMATION_FORMAT = dwarf;
				ENABLE_STRICT_OBJC_MSGSEND = YES;
				ENABLE_TESTABILITY = YES;
				GCC_C_LANGUAGE_STANDARD = gnu99;
				GCC_DYNAMIC_NO_PIC = NO;
				GCC_NO_COMMON_BLOCKS = YES;
				GCC_OPTIMIZATION_LEVEL = 0;
				GCC_PREPROCESSOR_DEFINITIONS = (
					"DEBUG=1",
					"$(inherited)",
				);
				GCC_WARN_64_TO_32_BIT_CONVERSION = YES;
				GCC_WARN_ABOUT_RETURN_TYPE = YES_ERROR;
				GCC_WARN_UNDECLARED_SELECTOR = YES;
				GCC_WARN_UNINITIALIZED_AUTOS = YES_AGGRESSIVE;
				GCC_WARN_UNUSED_FUNCTION = YES;
				GCC_WARN_UNUSED_VARIABLE = YES;
				MACOSX_DEPLOYMENT_TARGET = 10.12;
				MTL_ENABLE_DEBUG_INFO = YES;
				ONLY_ACTIVE_ARCH = YES;
				SDKROOT = macosx;
				SWIFT_OPTIMIZATION_LEVEL = "-Onone";
			};
			name = Debug;
		};
		E4F68D061ED6CA8B00AF4087 /* Release */ = {
			isa = XCBuildConfiguration;
			buildSettings = {
				ALWAYS_SEARCH_USER_PATHS = NO;
				CLANG_ANALYZER_NONNULL = YES;
				CLANG_ANALYZER_NUMBER_OBJECT_CONVERSION = YES_AGGRESSIVE;
				CLANG_CXX_LANGUAGE_STANDARD = "gnu++0x";
				CLANG_CXX_LIBRARY = "libc++";
				CLANG_ENABLE_MODULES = YES;
				CLANG_ENABLE_OBJC_ARC = YES;
				CLANG_WARN_BOOL_CONVERSION = YES;
				CLANG_WARN_CONSTANT_CONVERSION = YES;
				CLANG_WARN_DIRECT_OBJC_ISA_USAGE = YES_ERROR;
				CLANG_WARN_DOCUMENTATION_COMMENTS = YES;
				CLANG_WARN_EMPTY_BODY = YES;
				CLANG_WARN_ENUM_CONVERSION = YES;
				CLANG_WARN_INFINITE_RECURSION = YES;
				CLANG_WARN_INT_CONVERSION = YES;
				CLANG_WARN_OBJC_ROOT_CLASS = YES_ERROR;
				CLANG_WARN_SUSPICIOUS_MOVE = YES;
				CLANG_WARN_UNREACHABLE_CODE = YES;
				CLANG_WARN__DUPLICATE_METHOD_MATCH = YES;
				CODE_SIGN_IDENTITY = "-";
				COPY_PHASE_STRIP = NO;
				DEBUG_INFORMATION_FORMAT = "dwarf-with-dsym";
				ENABLE_NS_ASSERTIONS = NO;
				ENABLE_STRICT_OBJC_MSGSEND = YES;
				GCC_C_LANGUAGE_STANDARD = gnu99;
				GCC_NO_COMMON_BLOCKS = YES;
				GCC_WARN_64_TO_32_BIT_CONVERSION = YES;
				GCC_WARN_ABOUT_RETURN_TYPE = YES_ERROR;
				GCC_WARN_UNDECLARED_SELECTOR = YES;
				GCC_WARN_UNINITIALIZED_AUTOS = YES_AGGRESSIVE;
				GCC_WARN_UNUSED_FUNCTION = YES;
				GCC_WARN_UNUSED_VARIABLE = YES;
				MACOSX_DEPLOYMENT_TARGET = 10.12;
				MTL_ENABLE_DEBUG_INFO = NO;
				SDKROOT = macosx;
			};
			name = Release;
		};
		E4F68D081ED6CA8B00AF4087 /* Debug */ = {
			isa = XCBuildConfiguration;
			buildSettings = {
				PRODUCT_NAME = "$(TARGET_NAME)";
				SWIFT_VERSION = 3.0;
			};
			name = Debug;
		};
		E4F68D091ED6CA8B00AF4087 /* Release */ = {
			isa = XCBuildConfiguration;
			buildSettings = {
				PRODUCT_NAME = "$(TARGET_NAME)";
				SWIFT_VERSION = 3.0;
			};
			name = Release;
		};
/* End XCBuildConfiguration section */

/* Begin XCConfigurationList section */
		E4F68CFB1ED6CA8B00AF4087 /* Build configuration list for PBXProject "The Observer Pattern" */ = {
			isa = XCConfigurationList;
			buildConfigurations = (
				E4F68D051ED6CA8B00AF4087 /* Debug */,
				E4F68D061ED6CA8B00AF4087 /* Release */,
			);
			defaultConfigurationIsVisible = 0;
			defaultConfigurationName = Release;
		};
		E4F68D071ED6CA8B00AF4087 /* Build configuration list for PBXNativeTarget "The Observer Pattern" */ = {
			isa = XCConfigurationList;
			buildConfigurations = (
				E4F68D081ED6CA8B00AF4087 /* Debug */,
				E4F68D091ED6CA8B00AF4087 /* Release */,
			);
			defaultConfigurationIsVisible = 0;
		};
/* End XCConfigurationList section */
	};
	rootObject = E4F68CF81ED6CA8B00AF4087 /* Project object */;
}
