// !$*UTF8*$!
{
	archiveVersion = 1;
	classes = {
	};
	objectVersion = 46;
	objects = {

/* Begin PBXBuildFile section */
		E4FD30D01E727E8D00724552 /* AppDelegate.swift in Sources */ = {isa = PBXBuildFile; fileRef = E4FD30CF1E727E8D00724552 /* AppDelegate.swift */; };
		E4FD30D21E727E8D00724552 /* ViewController.swift in Sources */ = {isa = PBXBuildFile; fileRef = E4FD30D11E727E8D00724552 /* ViewController.swift */; };
		E4FD30D51E727E8D00724552 /* Main.storyboard in Resources */ = {isa = PBXBuildFile; fileRef = E4FD30D31E727E8D00724552 /* Main.storyboard */; };
		E4FD30D71E727E8D00724552 /* Assets.xcassets in Resources */ = {isa = PBXBuildFile; fileRef = E4FD30D61E727E8D00724552 /* Assets.xcassets */; };
		E4FD30DA1E727E8D00724552 /* LaunchScreen.storyboard in Resources */ = {isa = PBXBuildFile; fileRef = E4FD30D81E727E8D00724552 /* LaunchScreen.storyboard */; };
		E4FD30E51E727E8D00724552 /* TestDemoTests.swift in Sources */ = {isa = PBXBuildFile; fileRef = E4FD30E41E727E8D00724552 /* TestDemoTests.swift */; };
/* End PBXBuildFile section */

/* Begin PBXContainerItemProxy section */
		E4FD30E11E727E8D00724552 /* PBXContainerItemProxy */ = {
			isa = PBXContainerItemProxy;
			containerPortal = E4FD30C41E727E8D00724552 /* Project object */;
			proxyType = 1;
			remoteGlobalIDString = E4FD30CB1E727E8D00724552;
			remoteInfo = TestDemo;
		};
/* End PBXContainerItemProxy section */

/* Begin PBXFileReference section */
		E4FD30CC1E727E8D00724552 /* TestDemo.app */ = {isa = PBXFileReference; explicitFileType = wrapper.application; includeInIndex = 0; path = TestDemo.app; sourceTree = BUILT_PRODUCTS_DIR; };
		E4FD30CF1E727E8D00724552 /* AppDelegate.swift */ = {isa = PBXFileReference; lastKnownFileType = sourcecode.swift; path = AppDelegate.swift; sourceTree = "<group>"; };
		E4FD30D11E727E8D00724552 /* ViewController.swift */ = {isa = PBXFileReference; lastKnownFileType = sourcecode.swift; path = ViewController.swift; sourceTree = "<group>"; };
		E4FD30D41E727E8D00724552 /* Base */ = {isa = PBXFileReference; lastKnownFileType = file.storyboard; name = Base; path = Base.lproj/Main.storyboard; sourceTree = "<group>"; };
		E4FD30D61E727E8D00724552 /* Assets.xcassets */ = {isa = PBXFileReference; lastKnownFileType = folder.assetcatalog; path = Assets.xcassets; sourceTree = "<group>"; };
		E4FD30D91E727E8D00724552 /* Base */ = {isa = PBXFileReference; lastKnownFileType = file.storyboard; name = Base; path = Base.lproj/LaunchScreen.storyboard; sourceTree = "<group>"; };
		E4FD30DB1E727E8D00724552 /* Info.plist */ = {isa = PBXFileReference; lastKnownFileType = text.plist.xml; path = Info.plist; sourceTree = "<group>"; };
		E4FD30E01E727E8D00724552 /* TestDemoTests.xctest */ = {isa = PBXFileReference; explicitFileType = wrapper.cfbundle; includeInIndex = 0; path = TestDemoTests.xctest; sourceTree = BUILT_PRODUCTS_DIR; };
		E4FD30E41E727E8D00724552 /* TestDemoTests.swift */ = {isa = PBXFileReference; lastKnownFileType = sourcecode.swift; path = TestDemoTests.swift; sourceTree = "<group>"; };
		E4FD30E61E727E8D00724552 /* Info.plist */ = {isa = PBXFileReference; lastKnownFileType = text.plist.xml; path = Info.plist; sourceTree = "<group>"; };
/* End PBXFileReference section */

/* Begin PBXFrameworksBuildPhase section */
		E4FD30C91E727E8D00724552 /* Frameworks */ = {
			isa = PBXFrameworksBuildPhase;
			buildActionMask = 2147483647;
			files = (
			);
			runOnlyForDeploymentPostprocessing = 0;
		};
		E4FD30DD1E727E8D00724552 /* Frameworks */ = {
			isa = PBXFrameworksBuildPhase;
			buildActionMask = 2147483647;
			files = (
			);
			runOnlyForDeploymentPostprocessing = 0;
		};
/* End PBXFrameworksBuildPhase section */

/* Begin PBXGroup section */
		E4FD30C31E727E8D00724552 = {
			isa = PBXGroup;
			children = (
				E4FD30CE1E727E8D00724552 /* TestDemo */,
				E4FD30E31E727E8D00724552 /* TestDemoTests */,
				E4FD30CD1E727E8D00724552 /* Products */,
			);
			sourceTree = "<group>";
		};
		E4FD30CD1E727E8D00724552 /* Products */ = {
			isa = PBXGroup;
			children = (
				E4FD30CC1E727E8D00724552 /* TestDemo.app */,
				E4FD30E01E727E8D00724552 /* TestDemoTests.xctest */,
			);
			name = Products;
			sourceTree = "<group>";
		};
		E4FD30CE1E727E8D00724552 /* TestDemo */ = {
			isa = PBXGroup;
			children = (
				E4FD30CF1E727E8D00724552 /* AppDelegate.swift */,
				E4FD30D11E727E8D00724552 /* ViewController.swift */,
				E4FD30D31E727E8D00724552 /* Main.storyboard */,
				E4FD30D61E727E8D00724552 /* Assets.xcassets */,
				E4FD30D81E727E8D00724552 /* LaunchScreen.storyboard */,
				E4FD30DB1E727E8D00724552 /* Info.plist */,
			);
			path = TestDemo;
			sourceTree = "<group>";
		};
		E4FD30E31E727E8D00724552 /* TestDemoTests */ = {
			isa = PBXGroup;
			children = (
				E4FD30E41E727E8D00724552 /* TestDemoTests.swift */,
				E4FD30E61E727E8D00724552 /* Info.plist */,
			);
			path = TestDemoTests;
			sourceTree = "<group>";
		};
/* End PBXGroup section */

/* Begin PBXNativeTarget section */
		E4FD30CB1E727E8D00724552 /* TestDemo */ = {
			isa = PBXNativeTarget;
			buildConfigurationList = E4FD30E91E727E8D00724552 /* Build configuration list for PBXNativeTarget "TestDemo" */;
			buildPhases = (
				E4FD30C81E727E8D00724552 /* Sources */,
				E4FD30C91E727E8D00724552 /* Frameworks */,
				E4FD30CA1E727E8D00724552 /* Resources */,
			);
			buildRules = (
			);
			dependencies = (
			);
			name = TestDemo;
			productName = TestDemo;
			productReference = E4FD30CC1E727E8D00724552 /* TestDemo.app */;
			productType = "com.apple.product-type.application";
		};
		E4FD30DF1E727E8D00724552 /* TestDemoTests */ = {
			isa = PBXNativeTarget;
			buildConfigurationList = E4FD30EC1E727E8D00724552 /* Build configuration list for PBXNativeTarget "TestDemoTests" */;
			buildPhases = (
				E4FD30DC1E727E8D00724552 /* Sources */,
				E4FD30DD1E727E8D00724552 /* Frameworks */,
				E4FD30DE1E727E8D00724552 /* Resources */,
			);
			buildRules = (
			);
			dependencies = (
				E4FD30E21E727E8D00724552 /* PBXTargetDependency */,
			);
			name = TestDemoTests;
			productName = TestDemoTests;
			productReference = E4FD30E01E727E8D00724552 /* TestDemoTests.xctest */;
			productType = "com.apple.product-type.bundle.unit-test";
		};
/* End PBXNativeTarget section */

/* Begin PBXProject section */
		E4FD30C41E727E8D00724552 /* Project object */ = {
			isa = PBXProject;
			attributes = {
				LastSwiftUpdateCheck = 0820;
				LastUpgradeCheck = 0820;
				ORGANIZATIONNAME = "Carl Lee";
				TargetAttributes = {
					E4FD30CB1E727E8D00724552 = {
						CreatedOnToolsVersion = 8.2.1;
						ProvisioningStyle = Automatic;
					};
					E4FD30DF1E727E8D00724552 = {
						CreatedOnToolsVersion = 8.2.1;
						ProvisioningStyle = Automatic;
						TestTargetID = E4FD30CB1E727E8D00724552;
					};
				};
			};
			buildConfigurationList = E4FD30C71E727E8D00724552 /* Build configuration list for PBXProject "TestDemo" */;
			compatibilityVersion = "Xcode 3.2";
			developmentRegion = English;
			hasScannedForEncodings = 0;
			knownRegions = (
				en,
				Base,
			);
			mainGroup = E4FD30C31E727E8D00724552;
			productRefGroup = E4FD30CD1E727E8D00724552 /* Products */;
			projectDirPath = "";
			projectRoot = "";
			targets = (
				E4FD30CB1E727E8D00724552 /* TestDemo */,
				E4FD30DF1E727E8D00724552 /* TestDemoTests */,
			);
		};
/* End PBXProject section */

/* Begin PBXResourcesBuildPhase section */
		E4FD30CA1E727E8D00724552 /* Resources */ = {
			isa = PBXResourcesBuildPhase;
			buildActionMask = 2147483647;
			files = (
				E4FD30DA1E727E8D00724552 /* LaunchScreen.storyboard in Resources */,
				E4FD30D71E727E8D00724552 /* Assets.xcassets in Resources */,
				E4FD30D51E727E8D00724552 /* Main.storyboard in Resources */,
			);
			runOnlyForDeploymentPostprocessing = 0;
		};
		E4FD30DE1E727E8D00724552 /* Resources */ = {
			isa = PBXResourcesBuildPhase;
			buildActionMask = 2147483647;
			files = (
			);
			runOnlyForDeploymentPostprocessing = 0;
		};
/* End PBXResourcesBuildPhase section */

/* Begin PBXSourcesBuildPhase section */
		E4FD30C81E727E8D00724552 /* Sources */ = {
			isa = PBXSourcesBuildPhase;
			buildActionMask = 2147483647;
			files = (
				E4FD30D21E727E8D00724552 /* ViewController.swift in Sources */,
				E4FD30D01E727E8D00724552 /* AppDelegate.swift in Sources */,
			);
			runOnlyForDeploymentPostprocessing = 0;
		};
		E4FD30DC1E727E8D00724552 /* Sources */ = {
			isa = PBXSourcesBuildPhase;
			buildActionMask = 2147483647;
			files = (
				E4FD30E51E727E8D00724552 /* TestDemoTests.swift in Sources */,
			);
			runOnlyForDeploymentPostprocessing = 0;
		};
/* End PBXSourcesBuildPhase section */

/* Begin PBXTargetDependency section */
		E4FD30E21E727E8D00724552 /* PBXTargetDependency */ = {
			isa = PBXTargetDependency;
			target = E4FD30CB1E727E8D00724552 /* TestDemo */;
			targetProxy = E4FD30E11E727E8D00724552 /* PBXContainerItemProxy */;
		};
/* End PBXTargetDependency section */

/* Begin PBXVariantGroup section */
		E4FD30D31E727E8D00724552 /* Main.storyboard */ = {
			isa = PBXVariantGroup;
			children = (
				E4FD30D41E727E8D00724552 /* Base */,
			);
			name = Main.storyboard;
			sourceTree = "<group>";
		};
		E4FD30D81E727E8D00724552 /* LaunchScreen.storyboard */ = {
			isa = PBXVariantGroup;
			children = (
				E4FD30D91E727E8D00724552 /* Base */,
			);
			name = LaunchScreen.storyboard;
			sourceTree = "<group>";
		};
/* End PBXVariantGroup section */

/* Begin XCBuildConfiguration section */
		E4FD30E71E727E8D00724552 /* Debug */ = {
			isa = XCBuildConfiguration;
			buildSettings = {
				ALWAYS_SEARCH_USER_PATHS = NO;
				CLANG_ANALYZER_NONNULL = YES;
				CLANG_CXX_LANGUAGE_STANDARD = "gnu++0x";
				CLANG_CXX_LIBRARY = "libc++";
				CLANG_ENABLE_MODULES = YES;
				CLANG_ENABLE_OBJC_ARC = YES;
				CLANG_WARN_BOOL_CONVERSION = YES;
				CLANG_WARN_CONSTANT_CONVERSION = YES;
				CLANG_WARN_DIRECT_OBJC_ISA_USAGE = YES_ERROR;
				CLANG_WARN_DOCUMENTATION_COMMENTS = YES;
				CLANG_WARN_EMPTY_BODY = YES;
				CLANG_WARN_ENUM_CONVERSION = YES;
				CLANG_WARN_INFINITE_RECURSION = YES;
				CLANG_WARN_INT_CONVERSION = YES;
				CLANG_WARN_OBJC_ROOT_CLASS = YES_ERROR;
				CLANG_WARN_SUSPICIOUS_MOVE = YES;
				CLANG_WARN_UNREACHABLE_CODE = YES;
				CLANG_WARN__DUPLICATE_METHOD_MATCH = YES;
				"CODE_SIGN_IDENTITY[sdk=iphoneos*]" = "iPhone Developer";
				COPY_PHASE_STRIP = NO;
				DEBUG_INFORMATION_FORMAT = dwarf;
				ENABLE_STRICT_OBJC_MSGSEND = YES;
				ENABLE_TESTABILITY = YES;
				GCC_C_LANGUAGE_STANDARD = gnu99;
				GCC_DYNAMIC_NO_PIC = NO;
				GCC_NO_COMMON_BLOCKS = YES;
				GCC_OPTIMIZATION_LEVEL = 0;
				GCC_PREPROCESSOR_DEFINITIONS = (
					"DEBUG=1",
					"$(inherited)",
				);
				GCC_WARN_64_TO_32_BIT_CONVERSION = YES;
				GCC_WARN_ABOUT_RETURN_TYPE = YES_ERROR;
				GCC_WARN_UNDECLARED_SELECTOR = YES;
				GCC_WARN_UNINITIALIZED_AUTOS = YES_AGGRESSIVE;
				GCC_WARN_UNUSED_FUNCTION = YES;
				GCC_WARN_UNUSED_VARIABLE = YES;
				IPHONEOS_DEPLOYMENT_TARGET = 10.2;
				MTL_ENABLE_DEBUG_INFO = YES;
				ONLY_ACTIVE_ARCH = YES;
				SDKROOT = iphoneos;
				SWIFT_ACTIVE_COMPILATION_CONDITIONS = DEBUG;
				SWIFT_OPTIMIZATION_LEVEL = "-Onone";
				TARGETED_DEVICE_FAMILY = "1,2";
			};
			name = Debug;
		};
		E4FD30E81E727E8D00724552 /* Release */ = {
			isa = XCBuildConfiguration;
			buildSettings = {
				ALWAYS_SEARCH_USER_PATHS = NO;
				CLANG_ANALYZER_NONNULL = YES;
				CLANG_CXX_LANGUAGE_STANDARD = "gnu++0x";
				CLANG_CXX_LIBRARY = "libc++";
				CLANG_ENABLE_MODULES = YES;
				CLANG_ENABLE_OBJC_ARC = YES;
				CLANG_WARN_BOOL_CONVERSION = YES;
				CLANG_WARN_CONSTANT_CONVERSION = YES;
				CLANG_WARN_DIRECT_OBJC_ISA_USAGE = YES_ERROR;
				CLANG_WARN_DOCUMENTATION_COMMENTS = YES;
				CLANG_WARN_EMPTY_BODY = YES;
				CLANG_WARN_ENUM_CONVERSION = YES;
				CLANG_WARN_INFINITE_RECURSION = YES;
				CLANG_WARN_INT_CONVERSION = YES;
				CLANG_WARN_OBJC_ROOT_CLASS = YES_ERROR;
				CLANG_WARN_SUSPICIOUS_MOVE = YES;
				CLANG_WARN_UNREACHABLE_CODE = YES;
				CLANG_WARN__DUPLICATE_METHOD_MATCH = YES;
				"CODE_SIGN_IDENTITY[sdk=iphoneos*]" = "iPhone Developer";
				COPY_PHASE_STRIP = NO;
				DEBUG_INFORMATION_FORMAT = "dwarf-with-dsym";
				ENABLE_NS_ASSERTIONS = NO;
				ENABLE_STRICT_OBJC_MSGSEND = YES;
				GCC_C_LANGUAGE_STANDARD = gnu99;
				GCC_NO_COMMON_BLOCKS = YES;
				GCC_WARN_64_TO_32_BIT_CONVERSION = YES;
				GCC_WARN_ABOUT_RETURN_TYPE = YES_ERROR;
				GCC_WARN_UNDECLARED_SELECTOR = YES;
				GCC_WARN_UNINITIALIZED_AUTOS = YES_AGGRESSIVE;
				GCC_WARN_UNUSED_FUNCTION = YES;
				GCC_WARN_UNUSED_VARIABLE = YES;
				IPHONEOS_DEPLOYMENT_TARGET = 10.2;
				MTL_ENABLE_DEBUG_INFO = NO;
				SDKROOT = iphoneos;
				SWIFT_OPTIMIZATION_LEVEL = "-Owholemodule";
				TARGETED_DEVICE_FAMILY = "1,2";
				VALIDATE_PRODUCT = YES;
			};
			name = Release;
		};
		E4FD30EA1E727E8D00724552 /* Debug */ = {
			isa = XCBuildConfiguration;
			buildSettings = {
				ASSETCATALOG_COMPILER_APPICON_NAME = AppIcon;
				INFOPLIST_FILE = TestDemo/Info.plist;
				LD_RUNPATH_SEARCH_PATHS = "$(inherited) @executable_path/Frameworks";
				PRODUCT_BUNDLE_IDENTIFIER = com.pasasoft.TestDemo;
				PRODUCT_NAME = "$(TARGET_NAME)";
				SWIFT_VERSION = 3.0;
			};
			name = Debug;
		};
		E4FD30EB1E727E8D00724552 /* Release */ = {
			isa = XCBuildConfiguration;
			buildSettings = {
				ASSETCATALOG_COMPILER_APPICON_NAME = AppIcon;
				INFOPLIST_FILE = TestDemo/Info.plist;
				LD_RUNPATH_SEARCH_PATHS = "$(inherited) @executable_path/Frameworks";
				PRODUCT_BUNDLE_IDENTIFIER = com.pasasoft.TestDemo;
				PRODUCT_NAME = "$(TARGET_NAME)";
				SWIFT_VERSION = 3.0;
			};
			name = Release;
		};
		E4FD30ED1E727E8D00724552 /* Debug */ = {
			isa = XCBuildConfiguration;
			buildSettings = {
				ALWAYS_EMBED_SWIFT_STANDARD_LIBRARIES = YES;
				BUNDLE_LOADER = "$(TEST_HOST)";
				INFOPLIST_FILE = TestDemoTests/Info.plist;
				LD_RUNPATH_SEARCH_PATHS = "$(inherited) @executable_path/Frameworks @loader_path/Frameworks";
				PRODUCT_BUNDLE_IDENTIFIER = com.pasasoft.TestDemoTests;
				PRODUCT_NAME = "$(TARGET_NAME)";
				SWIFT_VERSION = 3.0;
				TEST_HOST = "$(BUILT_PRODUCTS_DIR)/TestDemo.app/TestDemo";
			};
			name = Debug;
		};
		E4FD30EE1E727E8D00724552 /* Release */ = {
			isa = XCBuildConfiguration;
			buildSettings = {
				ALWAYS_EMBED_SWIFT_STANDARD_LIBRARIES = YES;
				BUNDLE_LOADER = "$(TEST_HOST)";
				INFOPLIST_FILE = TestDemoTests/Info.plist;
				LD_RUNPATH_SEARCH_PATHS = "$(inherited) @executable_path/Frameworks @loader_path/Frameworks";
				PRODUCT_BUNDLE_IDENTIFIER = com.pasasoft.TestDemoTests;
				PRODUCT_NAME = "$(TARGET_NAME)";
				SWIFT_VERSION = 3.0;
				TEST_HOST = "$(BUILT_PRODUCTS_DIR)/TestDemo.app/TestDemo";
			};
			name = Release;
		};
/* End XCBuildConfiguration section */

/* Begin XCConfigurationList section */
		E4FD30C71E727E8D00724552 /* Build configuration list for PBXProject "TestDemo" */ = {
			isa = XCConfigurationList;
			buildConfigurations = (
				E4FD30E71E727E8D00724552 /* Debug */,
				E4FD30E81E727E8D00724552 /* Release */,
			);
			defaultConfigurationIsVisible = 0;
			defaultConfigurationName = Release;
		};
		E4FD30E91E727E8D00724552 /* Build configuration list for PBXNativeTarget "TestDemo" */ = {
			isa = XCConfigurationList;
			buildConfigurations = (
				E4FD30EA1E727E8D00724552 /* Debug */,
				E4FD30EB1E727E8D00724552 /* Release */,
			);
			defaultConfigurationIsVisible = 0;
		};
		E4FD30EC1E727E8D00724552 /* Build configuration list for PBXNativeTarget "TestDemoTests" */ = {
			isa = XCConfigurationList;
			buildConfigurations = (
				E4FD30ED1E727E8D00724552 /* Debug */,
				E4FD30EE1E727E8D00724552 /* Release */,
			);
			defaultConfigurationIsVisible = 0;
		};
/* End XCConfigurationList section */
	};
	rootObject = E4FD30C41E727E8D00724552 /* Project object */;
}
