// !$*UTF8*$!
{
	archiveVersion = 1;
	classes = {
	};
	objectVersion = 46;
	objects = {

/* Begin PBXBuildFile section */
		E4AC4A171E6ECA590070003F /* UIColor+CommonColor.swift in Sources */ = {isa = PBXBuildFile; fileRef = E4AC4A161E6ECA590070003F /* UIColor+CommonColor.swift */; };
		E4AC4A1A1E6ECF960070003F /* Foundation+Extension.swift in Sources */ = {isa = PBXBuildFile; fileRef = E4AC4A191E6ECF960070003F /* Foundation+Extension.swift */; };
		E4AC4A1C1E6ED39B0070003F /* NewTransactionView.swift in Sources */ = {isa = PBXBuildFile; fileRef = E4AC4A1B1E6ED39B0070003F /* NewTransactionView.swift */; };
		E4C4378B1E6D009B00F414B5 /* AppDelegate.swift in Sources */ = {isa = PBXBuildFile; fileRef = E4C4378A1E6D009B00F414B5 /* AppDelegate.swift */; };
		E4C437901E6D009B00F414B5 /* Main.storyboard in Resources */ = {isa = PBXBuildFile; fileRef = E4C4378E1E6D009B00F414B5 /* Main.storyboard */; };
		E4C437921E6D009B00F414B5 /* Assets.xcassets in Resources */ = {isa = PBXBuildFile; fileRef = E4C437911E6D009B00F414B5 /* Assets.xcassets */; };
		E4C437951E6D009B00F414B5 /* LaunchScreen.storyboard in Resources */ = {isa = PBXBuildFile; fileRef = E4C437931E6D009B00F414B5 /* LaunchScreen.storyboard */; };
		E4C437A01E6D009B00F414B5 /* CarlBankTests.swift in Sources */ = {isa = PBXBuildFile; fileRef = E4C4379F1E6D009B00F414B5 /* CarlBankTests.swift */; };
		E4C437AB1E6D00BA00F414B5 /* Transaction.swift in Sources */ = {isa = PBXBuildFile; fileRef = E4C437AA1E6D00BA00F414B5 /* Transaction.swift */; };
		E4C437AD1E6D01BE00F414B5 /* Account.swift in Sources */ = {isa = PBXBuildFile; fileRef = E4C437AC1E6D01BE00F414B5 /* Account.swift */; };
		E4C437AF1E6D06F000F414B5 /* StorageController.swift in Sources */ = {isa = PBXBuildFile; fileRef = E4C437AE1E6D06F000F414B5 /* StorageController.swift */; };
		E4C437B11E6D103B00F414B5 /* StateController.swift in Sources */ = {isa = PBXBuildFile; fileRef = E4C437B01E6D103B00F414B5 /* StateController.swift */; };
		E4C437B31E6D3A4A00F414B5 /* AccountsViewController.swift in Sources */ = {isa = PBXBuildFile; fileRef = E4C437B21E6D3A4A00F414B5 /* AccountsViewController.swift */; };
		E4C437B51E6D3A6200F414B5 /* CreateAccountViewController.swift in Sources */ = {isa = PBXBuildFile; fileRef = E4C437B41E6D3A6200F414B5 /* CreateAccountViewController.swift */; };
		E4C437B71E6D3A7100F414B5 /* TransactionsViewController.swift in Sources */ = {isa = PBXBuildFile; fileRef = E4C437B61E6D3A7100F414B5 /* TransactionsViewController.swift */; };
		E4C437B91E6D3A7F00F414B5 /* CreateTransactionViewController.swift in Sources */ = {isa = PBXBuildFile; fileRef = E4C437B81E6D3A7F00F414B5 /* CreateTransactionViewController.swift */; };
/* End PBXBuildFile section */

/* Begin PBXContainerItemProxy section */
		E4C4379C1E6D009B00F414B5 /* PBXContainerItemProxy */ = {
			isa = PBXContainerItemProxy;
			containerPortal = E4C4377F1E6D009B00F414B5 /* Project object */;
			proxyType = 1;
			remoteGlobalIDString = E4C437861E6D009B00F414B5;
			remoteInfo = CarlBank;
		};
/* End PBXContainerItemProxy section */

/* Begin PBXFileReference section */
		E4AC4A161E6ECA590070003F /* UIColor+CommonColor.swift */ = {isa = PBXFileReference; fileEncoding = 4; lastKnownFileType = sourcecode.swift; path = "UIColor+CommonColor.swift"; sourceTree = "<group>"; };
		E4AC4A191E6ECF960070003F /* Foundation+Extension.swift */ = {isa = PBXFileReference; fileEncoding = 4; lastKnownFileType = sourcecode.swift; path = "Foundation+Extension.swift"; sourceTree = "<group>"; };
		E4AC4A1B1E6ED39B0070003F /* NewTransactionView.swift */ = {isa = PBXFileReference; fileEncoding = 4; lastKnownFileType = sourcecode.swift; path = NewTransactionView.swift; sourceTree = "<group>"; };
		E4C437871E6D009B00F414B5 /* CarlBank.app */ = {isa = PBXFileReference; explicitFileType = wrapper.application; includeInIndex = 0; path = CarlBank.app; sourceTree = BUILT_PRODUCTS_DIR; };
		E4C4378A1E6D009B00F414B5 /* AppDelegate.swift */ = {isa = PBXFileReference; lastKnownFileType = sourcecode.swift; path = AppDelegate.swift; sourceTree = "<group>"; };
		E4C4378F1E6D009B00F414B5 /* Base */ = {isa = PBXFileReference; lastKnownFileType = file.storyboard; name = Base; path = Base.lproj/Main.storyboard; sourceTree = "<group>"; };
		E4C437911E6D009B00F414B5 /* Assets.xcassets */ = {isa = PBXFileReference; lastKnownFileType = folder.assetcatalog; path = Assets.xcassets; sourceTree = "<group>"; };
		E4C437941E6D009B00F414B5 /* Base */ = {isa = PBXFileReference; lastKnownFileType = file.storyboard; name = Base; path = Base.lproj/LaunchScreen.storyboard; sourceTree = "<group>"; };
		E4C437961E6D009B00F414B5 /* Info.plist */ = {isa = PBXFileReference; lastKnownFileType = text.plist.xml; path = Info.plist; sourceTree = "<group>"; };
		E4C4379B1E6D009B00F414B5 /* CarlBankTests.xctest */ = {isa = PBXFileReference; explicitFileType = wrapper.cfbundle; includeInIndex = 0; path = CarlBankTests.xctest; sourceTree = BUILT_PRODUCTS_DIR; };
		E4C4379F1E6D009B00F414B5 /* CarlBankTests.swift */ = {isa = PBXFileReference; lastKnownFileType = sourcecode.swift; path = CarlBankTests.swift; sourceTree = "<group>"; };
		E4C437A11E6D009B00F414B5 /* Info.plist */ = {isa = PBXFileReference; lastKnownFileType = text.plist.xml; path = Info.plist; sourceTree = "<group>"; };
		E4C437AA1E6D00BA00F414B5 /* Transaction.swift */ = {isa = PBXFileReference; fileEncoding = 4; lastKnownFileType = sourcecode.swift; path = Transaction.swift; sourceTree = "<group>"; };
		E4C437AC1E6D01BE00F414B5 /* Account.swift */ = {isa = PBXFileReference; fileEncoding = 4; lastKnownFileType = sourcecode.swift; path = Account.swift; sourceTree = "<group>"; };
		E4C437AE1E6D06F000F414B5 /* StorageController.swift */ = {isa = PBXFileReference; fileEncoding = 4; lastKnownFileType = sourcecode.swift; path = StorageController.swift; sourceTree = "<group>"; };
		E4C437B01E6D103B00F414B5 /* StateController.swift */ = {isa = PBXFileReference; fileEncoding = 4; lastKnownFileType = sourcecode.swift; path = StateController.swift; sourceTree = "<group>"; };
		E4C437B21E6D3A4A00F414B5 /* AccountsViewController.swift */ = {isa = PBXFileReference; fileEncoding = 4; lastKnownFileType = sourcecode.swift; path = AccountsViewController.swift; sourceTree = "<group>"; };
		E4C437B41E6D3A6200F414B5 /* CreateAccountViewController.swift */ = {isa = PBXFileReference; fileEncoding = 4; lastKnownFileType = sourcecode.swift; path = CreateAccountViewController.swift; sourceTree = "<group>"; };
		E4C437B61E6D3A7100F414B5 /* TransactionsViewController.swift */ = {isa = PBXFileReference; fileEncoding = 4; lastKnownFileType = sourcecode.swift; path = TransactionsViewController.swift; sourceTree = "<group>"; };
		E4C437B81E6D3A7F00F414B5 /* CreateTransactionViewController.swift */ = {isa = PBXFileReference; fileEncoding = 4; lastKnownFileType = sourcecode.swift; path = CreateTransactionViewController.swift; sourceTree = "<group>"; };
/* End PBXFileReference section */

/* Begin PBXFrameworksBuildPhase section */
		E4C437841E6D009B00F414B5 /* Frameworks */ = {
			isa = PBXFrameworksBuildPhase;
			buildActionMask = 2147483647;
			files = (
			);
			runOnlyForDeploymentPostprocessing = 0;
		};
		E4C437981E6D009B00F414B5 /* Frameworks */ = {
			isa = PBXFrameworksBuildPhase;
			buildActionMask = 2147483647;
			files = (
			);
			runOnlyForDeploymentPostprocessing = 0;
		};
/* End PBXFrameworksBuildPhase section */

/* Begin PBXGroup section */
		E4AC4A121E6EA9AB0070003F /* model */ = {
			isa = PBXGroup;
			children = (
				E4C437AA1E6D00BA00F414B5 /* Transaction.swift */,
				E4C437AC1E6D01BE00F414B5 /* Account.swift */,
				E4AC4A191E6ECF960070003F /* Foundation+Extension.swift */,
			);
			name = model;
			sourceTree = "<group>";
		};
		E4AC4A131E6EA9C20070003F /* modelController */ = {
			isa = PBXGroup;
			children = (
				E4C437AE1E6D06F000F414B5 /* StorageController.swift */,
				E4C437B01E6D103B00F414B5 /* StateController.swift */,
			);
			name = modelController;
			sourceTree = "<group>";
		};
		E4AC4A141E6EA9CE0070003F /* viewController */ = {
			isa = PBXGroup;
			children = (
				E4C437B21E6D3A4A00F414B5 /* AccountsViewController.swift */,
				E4C437B41E6D3A6200F414B5 /* CreateAccountViewController.swift */,
				E4C437B61E6D3A7100F414B5 /* TransactionsViewController.swift */,
				E4C437B81E6D3A7F00F414B5 /* CreateTransactionViewController.swift */,
			);
			name = viewController;
			sourceTree = "<group>";
		};
		E4AC4A151E6EA9DF0070003F /* supports */ = {
			isa = PBXGroup;
			children = (
				E4C4378A1E6D009B00F414B5 /* AppDelegate.swift */,
				E4C437911E6D009B00F414B5 /* Assets.xcassets */,
				E4C437931E6D009B00F414B5 /* LaunchScreen.storyboard */,
				E4C437961E6D009B00F414B5 /* Info.plist */,
			);
			name = supports;
			sourceTree = "<group>";
		};
		E4AC4A181E6ECA750070003F /* view */ = {
			isa = PBXGroup;
			children = (
				E4AC4A161E6ECA590070003F /* UIColor+CommonColor.swift */,
				E4AC4A1B1E6ED39B0070003F /* NewTransactionView.swift */,
			);
			name = view;
			sourceTree = "<group>";
		};
		E4C4377E1E6D009B00F414B5 = {
			isa = PBXGroup;
			children = (
				E4C437891E6D009B00F414B5 /* CarlBank */,
				E4C4379E1E6D009B00F414B5 /* CarlBankTests */,
				E4C437881E6D009B00F414B5 /* Products */,
			);
			sourceTree = "<group>";
		};
		E4C437881E6D009B00F414B5 /* Products */ = {
			isa = PBXGroup;
			children = (
				E4C437871E6D009B00F414B5 /* CarlBank.app */,
				E4C4379B1E6D009B00F414B5 /* CarlBankTests.xctest */,
			);
			name = Products;
			sourceTree = "<group>";
		};
		E4C437891E6D009B00F414B5 /* CarlBank */ = {
			isa = PBXGroup;
			children = (
				E4AC4A151E6EA9DF0070003F /* supports */,
				E4AC4A181E6ECA750070003F /* view */,
				E4AC4A141E6EA9CE0070003F /* viewController */,
				E4AC4A131E6EA9C20070003F /* modelController */,
				E4AC4A121E6EA9AB0070003F /* model */,
				E4C4378E1E6D009B00F414B5 /* Main.storyboard */,
			);
			path = CarlBank;
			sourceTree = "<group>";
		};
		E4C4379E1E6D009B00F414B5 /* CarlBankTests */ = {
			isa = PBXGroup;
			children = (
				E4C4379F1E6D009B00F414B5 /* CarlBankTests.swift */,
				E4C437A11E6D009B00F414B5 /* Info.plist */,
			);
			path = CarlBankTests;
			sourceTree = "<group>";
		};
/* End PBXGroup section */

/* Begin PBXNativeTarget section */
		E4C437861E6D009B00F414B5 /* CarlBank */ = {
			isa = PBXNativeTarget;
			buildConfigurationList = E4C437A41E6D009B00F414B5 /* Build configuration list for PBXNativeTarget "CarlBank" */;
			buildPhases = (
				E4C437831E6D009B00F414B5 /* Sources */,
				E4C437841E6D009B00F414B5 /* Frameworks */,
				E4C437851E6D009B00F414B5 /* Resources */,
			);
			buildRules = (
			);
			dependencies = (
			);
			name = CarlBank;
			productName = CarlBank;
			productReference = E4C437871E6D009B00F414B5 /* CarlBank.app */;
			productType = "com.apple.product-type.application";
		};
		E4C4379A1E6D009B00F414B5 /* CarlBankTests */ = {
			isa = PBXNativeTarget;
			buildConfigurationList = E4C437A71E6D009B00F414B5 /* Build configuration list for PBXNativeTarget "CarlBankTests" */;
			buildPhases = (
				E4C437971E6D009B00F414B5 /* Sources */,
				E4C437981E6D009B00F414B5 /* Frameworks */,
				E4C437991E6D009B00F414B5 /* Resources */,
			);
			buildRules = (
			);
			dependencies = (
				E4C4379D1E6D009B00F414B5 /* PBXTargetDependency */,
			);
			name = CarlBankTests;
			productName = CarlBankTests;
			productReference = E4C4379B1E6D009B00F414B5 /* CarlBankTests.xctest */;
			productType = "com.apple.product-type.bundle.unit-test";
		};
/* End PBXNativeTarget section */

/* Begin PBXProject section */
		E4C4377F1E6D009B00F414B5 /* Project object */ = {
			isa = PBXProject;
			attributes = {
				LastSwiftUpdateCheck = 0820;
				LastUpgradeCheck = 0820;
				ORGANIZATIONNAME = "Carl Lee";
				TargetAttributes = {
					E4C437861E6D009B00F414B5 = {
						CreatedOnToolsVersion = 8.2.1;
						ProvisioningStyle = Automatic;
					};
					E4C4379A1E6D009B00F414B5 = {
						CreatedOnToolsVersion = 8.2.1;
						ProvisioningStyle = Automatic;
						TestTargetID = E4C437861E6D009B00F414B5;
					};
				};
			};
			buildConfigurationList = E4C437821E6D009B00F414B5 /* Build configuration list for PBXProject "CarlBank" */;
			compatibilityVersion = "Xcode 3.2";
			developmentRegion = English;
			hasScannedForEncodings = 0;
			knownRegions = (
				en,
				Base,
			);
			mainGroup = E4C4377E1E6D009B00F414B5;
			productRefGroup = E4C437881E6D009B00F414B5 /* Products */;
			projectDirPath = "";
			projectRoot = "";
			targets = (
				E4C437861E6D009B00F414B5 /* CarlBank */,
				E4C4379A1E6D009B00F414B5 /* CarlBankTests */,
			);
		};
/* End PBXProject section */

/* Begin PBXResourcesBuildPhase section */
		E4C437851E6D009B00F414B5 /* Resources */ = {
			isa = PBXResourcesBuildPhase;
			buildActionMask = 2147483647;
			files = (
				E4C437951E6D009B00F414B5 /* LaunchScreen.storyboard in Resources */,
				E4C437921E6D009B00F414B5 /* Assets.xcassets in Resources */,
				E4C437901E6D009B00F414B5 /* Main.storyboard in Resources */,
			);
			runOnlyForDeploymentPostprocessing = 0;
		};
		E4C437991E6D009B00F414B5 /* Resources */ = {
			isa = PBXResourcesBuildPhase;
			buildActionMask = 2147483647;
			files = (
			);
			runOnlyForDeploymentPostprocessing = 0;
		};
/* End PBXResourcesBuildPhase section */

/* Begin PBXSourcesBuildPhase section */
		E4C437831E6D009B00F414B5 /* Sources */ = {
			isa = PBXSourcesBuildPhase;
			buildActionMask = 2147483647;
			files = (
				E4AC4A171E6ECA590070003F /* UIColor+CommonColor.swift in Sources */,
				E4AC4A1A1E6ECF960070003F /* Foundation+Extension.swift in Sources */,
				E4C437B51E6D3A6200F414B5 /* CreateAccountViewController.swift in Sources */,
				E4C437B11E6D103B00F414B5 /* StateController.swift in Sources */,
				E4C437AD1E6D01BE00F414B5 /* Account.swift in Sources */,
				E4C4378B1E6D009B00F414B5 /* AppDelegate.swift in Sources */,
				E4AC4A1C1E6ED39B0070003F /* NewTransactionView.swift in Sources */,
				E4C437AB1E6D00BA00F414B5 /* Transaction.swift in Sources */,
				E4C437B31E6D3A4A00F414B5 /* AccountsViewController.swift in Sources */,
				E4C437AF1E6D06F000F414B5 /* StorageController.swift in Sources */,
				E4C437B71E6D3A7100F414B5 /* TransactionsViewController.swift in Sources */,
				E4C437B91E6D3A7F00F414B5 /* CreateTransactionViewController.swift in Sources */,
			);
			runOnlyForDeploymentPostprocessing = 0;
		};
		E4C437971E6D009B00F414B5 /* Sources */ = {
			isa = PBXSourcesBuildPhase;
			buildActionMask = 2147483647;
			files = (
				E4C437A01E6D009B00F414B5 /* CarlBankTests.swift in Sources */,
			);
			runOnlyForDeploymentPostprocessing = 0;
		};
/* End PBXSourcesBuildPhase section */

/* Begin PBXTargetDependency section */
		E4C4379D1E6D009B00F414B5 /* PBXTargetDependency */ = {
			isa = PBXTargetDependency;
			target = E4C437861E6D009B00F414B5 /* CarlBank */;
			targetProxy = E4C4379C1E6D009B00F414B5 /* PBXContainerItemProxy */;
		};
/* End PBXTargetDependency section */

/* Begin PBXVariantGroup section */
		E4C4378E1E6D009B00F414B5 /* Main.storyboard */ = {
			isa = PBXVariantGroup;
			children = (
				E4C4378F1E6D009B00F414B5 /* Base */,
			);
			name = Main.storyboard;
			sourceTree = "<group>";
		};
		E4C437931E6D009B00F414B5 /* LaunchScreen.storyboard */ = {
			isa = PBXVariantGroup;
			children = (
				E4C437941E6D009B00F414B5 /* Base */,
			);
			name = LaunchScreen.storyboard;
			sourceTree = "<group>";
		};
/* End PBXVariantGroup section */

/* Begin XCBuildConfiguration section */
		E4C437A21E6D009B00F414B5 /* Debug */ = {
			isa = XCBuildConfiguration;
			buildSettings = {
				ALWAYS_SEARCH_USER_PATHS = NO;
				CLANG_ANALYZER_NONNULL = YES;
				CLANG_CXX_LANGUAGE_STANDARD = "gnu++0x";
				CLANG_CXX_LIBRARY = "libc++";
				CLANG_ENABLE_MODULES = YES;
				CLANG_ENABLE_OBJC_ARC = YES;
				CLANG_WARN_BOOL_CONVERSION = YES;
				CLANG_WARN_CONSTANT_CONVERSION = YES;
				CLANG_WARN_DIRECT_OBJC_ISA_USAGE = YES_ERROR;
				CLANG_WARN_DOCUMENTATION_COMMENTS = YES;
				CLANG_WARN_EMPTY_BODY = YES;
				CLANG_WARN_ENUM_CONVERSION = YES;
				CLANG_WARN_INFINITE_RECURSION = YES;
				CLANG_WARN_INT_CONVERSION = YES;
				CLANG_WARN_OBJC_ROOT_CLASS = YES_ERROR;
				CLANG_WARN_SUSPICIOUS_MOVE = YES;
				CLANG_WARN_UNREACHABLE_CODE = YES;
				CLANG_WARN__DUPLICATE_METHOD_MATCH = YES;
				"CODE_SIGN_IDENTITY[sdk=iphoneos*]" = "iPhone Developer";
				COPY_PHASE_STRIP = NO;
				DEBUG_INFORMATION_FORMAT = dwarf;
				ENABLE_STRICT_OBJC_MSGSEND = YES;
				ENABLE_TESTABILITY = YES;
				GCC_C_LANGUAGE_STANDARD = gnu99;
				GCC_DYNAMIC_NO_PIC = NO;
				GCC_NO_COMMON_BLOCKS = YES;
				GCC_OPTIMIZATION_LEVEL = 0;
				GCC_PREPROCESSOR_DEFINITIONS = (
					"DEBUG=1",
					"$(inherited)",
				);
				GCC_WARN_64_TO_32_BIT_CONVERSION = YES;
				GCC_WARN_ABOUT_RETURN_TYPE = YES_ERROR;
				GCC_WARN_UNDECLARED_SELECTOR = YES;
				GCC_WARN_UNINITIALIZED_AUTOS = YES_AGGRESSIVE;
				GCC_WARN_UNUSED_FUNCTION = YES;
				GCC_WARN_UNUSED_VARIABLE = YES;
				IPHONEOS_DEPLOYMENT_TARGET = 10.2;
				MTL_ENABLE_DEBUG_INFO = YES;
				ONLY_ACTIVE_ARCH = YES;
				SDKROOT = iphoneos;
				SWIFT_ACTIVE_COMPILATION_CONDITIONS = DEBUG;
				SWIFT_OPTIMIZATION_LEVEL = "-Onone";
				TARGETED_DEVICE_FAMILY = "1,2";
			};
			name = Debug;
		};
		E4C437A31E6D009B00F414B5 /* Release */ = {
			isa = XCBuildConfiguration;
			buildSettings = {
				ALWAYS_SEARCH_USER_PATHS = NO;
				CLANG_ANALYZER_NONNULL = YES;
				CLANG_CXX_LANGUAGE_STANDARD = "gnu++0x";
				CLANG_CXX_LIBRARY = "libc++";
				CLANG_ENABLE_MODULES = YES;
				CLANG_ENABLE_OBJC_ARC = YES;
				CLANG_WARN_BOOL_CONVERSION = YES;
				CLANG_WARN_CONSTANT_CONVERSION = YES;
				CLANG_WARN_DIRECT_OBJC_ISA_USAGE = YES_ERROR;
				CLANG_WARN_DOCUMENTATION_COMMENTS = YES;
				CLANG_WARN_EMPTY_BODY = YES;
				CLANG_WARN_ENUM_CONVERSION = YES;
				CLANG_WARN_INFINITE_RECURSION = YES;
				CLANG_WARN_INT_CONVERSION = YES;
				CLANG_WARN_OBJC_ROOT_CLASS = YES_ERROR;
				CLANG_WARN_SUSPICIOUS_MOVE = YES;
				CLANG_WARN_UNREACHABLE_CODE = YES;
				CLANG_WARN__DUPLICATE_METHOD_MATCH = YES;
				"CODE_SIGN_IDENTITY[sdk=iphoneos*]" = "iPhone Developer";
				COPY_PHASE_STRIP = NO;
				DEBUG_INFORMATION_FORMAT = "dwarf-with-dsym";
				ENABLE_NS_ASSERTIONS = NO;
				ENABLE_STRICT_OBJC_MSGSEND = YES;
				GCC_C_LANGUAGE_STANDARD = gnu99;
				GCC_NO_COMMON_BLOCKS = YES;
				GCC_WARN_64_TO_32_BIT_CONVERSION = YES;
				GCC_WARN_ABOUT_RETURN_TYPE = YES_ERROR;
				GCC_WARN_UNDECLARED_SELECTOR = YES;
				GCC_WARN_UNINITIALIZED_AUTOS = YES_AGGRESSIVE;
				GCC_WARN_UNUSED_FUNCTION = YES;
				GCC_WARN_UNUSED_VARIABLE = YES;
				IPHONEOS_DEPLOYMENT_TARGET = 10.2;
				MTL_ENABLE_DEBUG_INFO = NO;
				SDKROOT = iphoneos;
				SWIFT_OPTIMIZATION_LEVEL = "-Owholemodule";
				TARGETED_DEVICE_FAMILY = "1,2";
				VALIDATE_PRODUCT = YES;
			};
			name = Release;
		};
		E4C437A51E6D009B00F414B5 /* Debug */ = {
			isa = XCBuildConfiguration;
			buildSettings = {
				ASSETCATALOG_COMPILER_APPICON_NAME = AppIcon;
				INFOPLIST_FILE = CarlBank/Info.plist;
				LD_RUNPATH_SEARCH_PATHS = "$(inherited) @executable_path/Frameworks";
				PRODUCT_BUNDLE_IDENTIFIER = com.pasasoft.CarlBank;
				PRODUCT_NAME = "$(TARGET_NAME)";
				SWIFT_VERSION = 3.0;
			};
			name = Debug;
		};
		E4C437A61E6D009B00F414B5 /* Release */ = {
			isa = XCBuildConfiguration;
			buildSettings = {
				ASSETCATALOG_COMPILER_APPICON_NAME = AppIcon;
				INFOPLIST_FILE = CarlBank/Info.plist;
				LD_RUNPATH_SEARCH_PATHS = "$(inherited) @executable_path/Frameworks";
				PRODUCT_BUNDLE_IDENTIFIER = com.pasasoft.CarlBank;
				PRODUCT_NAME = "$(TARGET_NAME)";
				SWIFT_VERSION = 3.0;
			};
			name = Release;
		};
		E4C437A81E6D009B00F414B5 /* Debug */ = {
			isa = XCBuildConfiguration;
			buildSettings = {
				ALWAYS_EMBED_SWIFT_STANDARD_LIBRARIES = YES;
				BUNDLE_LOADER = "$(TEST_HOST)";
				INFOPLIST_FILE = CarlBankTests/Info.plist;
				LD_RUNPATH_SEARCH_PATHS = "$(inherited) @executable_path/Frameworks @loader_path/Frameworks";
				PRODUCT_BUNDLE_IDENTIFIER = com.pasasoft.CarlBankTests;
				PRODUCT_NAME = "$(TARGET_NAME)";
				SWIFT_VERSION = 3.0;
				TEST_HOST = "$(BUILT_PRODUCTS_DIR)/CarlBank.app/CarlBank";
			};
			name = Debug;
		};
		E4C437A91E6D009B00F414B5 /* Release */ = {
			isa = XCBuildConfiguration;
			buildSettings = {
				ALWAYS_EMBED_SWIFT_STANDARD_LIBRARIES = YES;
				BUNDLE_LOADER = "$(TEST_HOST)";
				INFOPLIST_FILE = CarlBankTests/Info.plist;
				LD_RUNPATH_SEARCH_PATHS = "$(inherited) @executable_path/Frameworks @loader_path/Frameworks";
				PRODUCT_BUNDLE_IDENTIFIER = com.pasasoft.CarlBankTests;
				PRODUCT_NAME = "$(TARGET_NAME)";
				SWIFT_VERSION = 3.0;
				TEST_HOST = "$(BUILT_PRODUCTS_DIR)/CarlBank.app/CarlBank";
			};
			name = Release;
		};
/* End XCBuildConfiguration section */

/* Begin XCConfigurationList section */
		E4C437821E6D009B00F414B5 /* Build configuration list for PBXProject "CarlBank" */ = {
			isa = XCConfigurationList;
			buildConfigurations = (
				E4C437A21E6D009B00F414B5 /* Debug */,
				E4C437A31E6D009B00F414B5 /* Release */,
			);
			defaultConfigurationIsVisible = 0;
			defaultConfigurationName = Release;
		};
		E4C437A41E6D009B00F414B5 /* Build configuration list for PBXNativeTarget "CarlBank" */ = {
			isa = XCConfigurationList;
			buildConfigurations = (
				E4C437A51E6D009B00F414B5 /* Debug */,
				E4C437A61E6D009B00F414B5 /* Release */,
			);
			defaultConfigurationIsVisible = 0;
			defaultConfigurationName = Release;
		};
		E4C437A71E6D009B00F414B5 /* Build configuration list for PBXNativeTarget "CarlBankTests" */ = {
			isa = XCConfigurationList;
			buildConfigurations = (
				E4C437A81E6D009B00F414B5 /* Debug */,
				E4C437A91E6D009B00F414B5 /* Release */,
			);
			defaultConfigurationIsVisible = 0;
			defaultConfigurationName = Release;
		};
/* End XCConfigurationList section */
	};
	rootObject = E4C4377F1E6D009B00F414B5 /* Project object */;
}
