// !$*UTF8*$!
{
	archiveVersion = 1;
	classes = {
	};
	objectVersion = 46;
	objects = {

/* Begin PBXBuildFile section */
		E4C437C71E6D5D0A00F414B5 /* AppDelegate.swift in Sources */ = {isa = PBXBuildFile; fileRef = E4C437C61E6D5D0A00F414B5 /* AppDelegate.swift */; };
		E4C437C91E6D5D0A00F414B5 /* ViewController.swift in Sources */ = {isa = PBXBuildFile; fileRef = E4C437C81E6D5D0A00F414B5 /* ViewController.swift */; };
		E4C437CB1E6D5D0A00F414B5 /* Assets.xcassets in Resources */ = {isa = PBXBuildFile; fileRef = E4C437CA1E6D5D0A00F414B5 /* Assets.xcassets */; };
		E4C437CE1E6D5D0A00F414B5 /* Main.storyboard in Resources */ = {isa = PBXBuildFile; fileRef = E4C437CC1E6D5D0A00F414B5 /* Main.storyboard */; };
		E4C437D91E6D5D0A00F414B5 /* HelloWorldTests.swift in Sources */ = {isa = PBXBuildFile; fileRef = E4C437D81E6D5D0A00F414B5 /* HelloWorldTests.swift */; };
/* End PBXBuildFile section */

/* Begin PBXContainerItemProxy section */
		E4C437D51E6D5D0A00F414B5 /* PBXContainerItemProxy */ = {
			isa = PBXContainerItemProxy;
			containerPortal = E4C437BB1E6D5D0A00F414B5 /* Project object */;
			proxyType = 1;
			remoteGlobalIDString = E4C437C21E6D5D0A00F414B5;
			remoteInfo = HelloWorld;
		};
/* End PBXContainerItemProxy section */

/* Begin PBXFileReference section */
		E4C437C31E6D5D0A00F414B5 /* HelloWorld.app */ = {isa = PBXFileReference; explicitFileType = wrapper.application; includeInIndex = 0; path = HelloWorld.app; sourceTree = BUILT_PRODUCTS_DIR; };
		E4C437C61E6D5D0A00F414B5 /* AppDelegate.swift */ = {isa = PBXFileReference; lastKnownFileType = sourcecode.swift; path = AppDelegate.swift; sourceTree = "<group>"; };
		E4C437C81E6D5D0A00F414B5 /* ViewController.swift */ = {isa = PBXFileReference; lastKnownFileType = sourcecode.swift; path = ViewController.swift; sourceTree = "<group>"; };
		E4C437CA1E6D5D0A00F414B5 /* Assets.xcassets */ = {isa = PBXFileReference; lastKnownFileType = folder.assetcatalog; path = Assets.xcassets; sourceTree = "<group>"; };
		E4C437CD1E6D5D0A00F414B5 /* Base */ = {isa = PBXFileReference; lastKnownFileType = file.storyboard; name = Base; path = Base.lproj/Main.storyboard; sourceTree = "<group>"; };
		E4C437CF1E6D5D0A00F414B5 /* Info.plist */ = {isa = PBXFileReference; lastKnownFileType = text.plist.xml; path = Info.plist; sourceTree = "<group>"; };
		E4C437D41E6D5D0A00F414B5 /* HelloWorldTests.xctest */ = {isa = PBXFileReference; explicitFileType = wrapper.cfbundle; includeInIndex = 0; path = HelloWorldTests.xctest; sourceTree = BUILT_PRODUCTS_DIR; };
		E4C437D81E6D5D0A00F414B5 /* HelloWorldTests.swift */ = {isa = PBXFileReference; lastKnownFileType = sourcecode.swift; path = HelloWorldTests.swift; sourceTree = "<group>"; };
		E4C437DA1E6D5D0A00F414B5 /* Info.plist */ = {isa = PBXFileReference; lastKnownFileType = text.plist.xml; path = Info.plist; sourceTree = "<group>"; };
/* End PBXFileReference section */

/* Begin PBXFrameworksBuildPhase section */
		E4C437C01E6D5D0A00F414B5 /* Frameworks */ = {
			isa = PBXFrameworksBuildPhase;
			buildActionMask = 2147483647;
			files = (
			);
			runOnlyForDeploymentPostprocessing = 0;
		};
		E4C437D11E6D5D0A00F414B5 /* Frameworks */ = {
			isa = PBXFrameworksBuildPhase;
			buildActionMask = 2147483647;
			files = (
			);
			runOnlyForDeploymentPostprocessing = 0;
		};
/* End PBXFrameworksBuildPhase section */

/* Begin PBXGroup section */
		E4C437BA1E6D5D0A00F414B5 = {
			isa = PBXGroup;
			children = (
				E4C437C51E6D5D0A00F414B5 /* HelloWorld */,
				E4C437D71E6D5D0A00F414B5 /* HelloWorldTests */,
				E4C437C41E6D5D0A00F414B5 /* Products */,
			);
			sourceTree = "<group>";
		};
		E4C437C41E6D5D0A00F414B5 /* Products */ = {
			isa = PBXGroup;
			children = (
				E4C437C31E6D5D0A00F414B5 /* HelloWorld.app */,
				E4C437D41E6D5D0A00F414B5 /* HelloWorldTests.xctest */,
			);
			name = Products;
			sourceTree = "<group>";
		};
		E4C437C51E6D5D0A00F414B5 /* HelloWorld */ = {
			isa = PBXGroup;
			children = (
				E4C437C61E6D5D0A00F414B5 /* AppDelegate.swift */,
				E4C437C81E6D5D0A00F414B5 /* ViewController.swift */,
				E4C437CA1E6D5D0A00F414B5 /* Assets.xcassets */,
				E4C437CC1E6D5D0A00F414B5 /* Main.storyboard */,
				E4C437CF1E6D5D0A00F414B5 /* Info.plist */,
			);
			path = HelloWorld;
			sourceTree = "<group>";
		};
		E4C437D71E6D5D0A00F414B5 /* HelloWorldTests */ = {
			isa = PBXGroup;
			children = (
				E4C437D81E6D5D0A00F414B5 /* HelloWorldTests.swift */,
				E4C437DA1E6D5D0A00F414B5 /* Info.plist */,
			);
			path = HelloWorldTests;
			sourceTree = "<group>";
		};
/* End PBXGroup section */

/* Begin PBXNativeTarget section */
		E4C437C21E6D5D0A00F414B5 /* HelloWorld */ = {
			isa = PBXNativeTarget;
			buildConfigurationList = E4C437DD1E6D5D0A00F414B5 /* Build configuration list for PBXNativeTarget "HelloWorld" */;
			buildPhases = (
				E4C437BF1E6D5D0A00F414B5 /* Sources */,
				E4C437C01E6D5D0A00F414B5 /* Frameworks */,
				E4C437C11E6D5D0A00F414B5 /* Resources */,
			);
			buildRules = (
			);
			dependencies = (
			);
			name = HelloWorld;
			productName = HelloWorld;
			productReference = E4C437C31E6D5D0A00F414B5 /* HelloWorld.app */;
			productType = "com.apple.product-type.application";
		};
		E4C437D31E6D5D0A00F414B5 /* HelloWorldTests */ = {
			isa = PBXNativeTarget;
			buildConfigurationList = E4C437E01E6D5D0A00F414B5 /* Build configuration list for PBXNativeTarget "HelloWorldTests" */;
			buildPhases = (
				E4C437D01E6D5D0A00F414B5 /* Sources */,
				E4C437D11E6D5D0A00F414B5 /* Frameworks */,
				E4C437D21E6D5D0A00F414B5 /* Resources */,
			);
			buildRules = (
			);
			dependencies = (
				E4C437D61E6D5D0A00F414B5 /* PBXTargetDependency */,
			);
			name = HelloWorldTests;
			productName = HelloWorldTests;
			productReference = E4C437D41E6D5D0A00F414B5 /* HelloWorldTests.xctest */;
			productType = "com.apple.product-type.bundle.unit-test";
		};
/* End PBXNativeTarget section */

/* Begin PBXProject section */
		E4C437BB1E6D5D0A00F414B5 /* Project object */ = {
			isa = PBXProject;
			attributes = {
				LastSwiftUpdateCheck = 0820;
				LastUpgradeCheck = 0820;
				ORGANIZATIONNAME = "Carl Lee";
				TargetAttributes = {
					E4C437C21E6D5D0A00F414B5 = {
						CreatedOnToolsVersion = 8.2.1;
						ProvisioningStyle = Automatic;
					};
					E4C437D31E6D5D0A00F414B5 = {
						CreatedOnToolsVersion = 8.2.1;
						ProvisioningStyle = Automatic;
						TestTargetID = E4C437C21E6D5D0A00F414B5;
					};
				};
			};
			buildConfigurationList = E4C437BE1E6D5D0A00F414B5 /* Build configuration list for PBXProject "HelloWorld" */;
			compatibilityVersion = "Xcode 3.2";
			developmentRegion = English;
			hasScannedForEncodings = 0;
			knownRegions = (
				en,
				Base,
			);
			mainGroup = E4C437BA1E6D5D0A00F414B5;
			productRefGroup = E4C437C41E6D5D0A00F414B5 /* Products */;
			projectDirPath = "";
			projectRoot = "";
			targets = (
				E4C437C21E6D5D0A00F414B5 /* HelloWorld */,
				E4C437D31E6D5D0A00F414B5 /* HelloWorldTests */,
			);
		};
/* End PBXProject section */

/* Begin PBXResourcesBuildPhase section */
		E4C437C11E6D5D0A00F414B5 /* Resources */ = {
			isa = PBXResourcesBuildPhase;
			buildActionMask = 2147483647;
			files = (
				E4C437CB1E6D5D0A00F414B5 /* Assets.xcassets in Resources */,
				E4C437CE1E6D5D0A00F414B5 /* Main.storyboard in Resources */,
			);
			runOnlyForDeploymentPostprocessing = 0;
		};
		E4C437D21E6D5D0A00F414B5 /* Resources */ = {
			isa = PBXResourcesBuildPhase;
			buildActionMask = 2147483647;
			files = (
			);
			runOnlyForDeploymentPostprocessing = 0;
		};
/* End PBXResourcesBuildPhase section */

/* Begin PBXSourcesBuildPhase section */
		E4C437BF1E6D5D0A00F414B5 /* Sources */ = {
			isa = PBXSourcesBuildPhase;
			buildActionMask = 2147483647;
			files = (
				E4C437C91E6D5D0A00F414B5 /* ViewController.swift in Sources */,
				E4C437C71E6D5D0A00F414B5 /* AppDelegate.swift in Sources */,
			);
			runOnlyForDeploymentPostprocessing = 0;
		};
		E4C437D01E6D5D0A00F414B5 /* Sources */ = {
			isa = PBXSourcesBuildPhase;
			buildActionMask = 2147483647;
			files = (
				E4C437D91E6D5D0A00F414B5 /* HelloWorldTests.swift in Sources */,
			);
			runOnlyForDeploymentPostprocessing = 0;
		};
/* End PBXSourcesBuildPhase section */

/* Begin PBXTargetDependency section */
		E4C437D61E6D5D0A00F414B5 /* PBXTargetDependency */ = {
			isa = PBXTargetDependency;
			target = E4C437C21E6D5D0A00F414B5 /* HelloWorld */;
			targetProxy = E4C437D51E6D5D0A00F414B5 /* PBXContainerItemProxy */;
		};
/* End PBXTargetDependency section */

/* Begin PBXVariantGroup section */
		E4C437CC1E6D5D0A00F414B5 /* Main.storyboard */ = {
			isa = PBXVariantGroup;
			children = (
				E4C437CD1E6D5D0A00F414B5 /* Base */,
			);
			name = Main.storyboard;
			sourceTree = "<group>";
		};
/* End PBXVariantGroup section */

/* Begin XCBuildConfiguration section */
		E4C437DB1E6D5D0A00F414B5 /* Debug */ = {
			isa = XCBuildConfiguration;
			buildSettings = {
				ALWAYS_SEARCH_USER_PATHS = NO;
				CLANG_ANALYZER_NONNULL = YES;
				CLANG_CXX_LANGUAGE_STANDARD = "gnu++0x";
				CLANG_CXX_LIBRARY = "libc++";
				CLANG_ENABLE_MODULES = YES;
				CLANG_ENABLE_OBJC_ARC = YES;
				CLANG_WARN_BOOL_CONVERSION = YES;
				CLANG_WARN_CONSTANT_CONVERSION = YES;
				CLANG_WARN_DIRECT_OBJC_ISA_USAGE = YES_ERROR;
				CLANG_WARN_DOCUMENTATION_COMMENTS = YES;
				CLANG_WARN_EMPTY_BODY = YES;
				CLANG_WARN_ENUM_CONVERSION = YES;
				CLANG_WARN_INFINITE_RECURSION = YES;
				CLANG_WARN_INT_CONVERSION = YES;
				CLANG_WARN_OBJC_ROOT_CLASS = YES_ERROR;
				CLANG_WARN_SUSPICIOUS_MOVE = YES;
				CLANG_WARN_UNREACHABLE_CODE = YES;
				CLANG_WARN__DUPLICATE_METHOD_MATCH = YES;
				CODE_SIGN_IDENTITY = "-";
				COPY_PHASE_STRIP = NO;
				DEBUG_INFORMATION_FORMAT = dwarf;
				ENABLE_STRICT_OBJC_MSGSEND = YES;
				ENABLE_TESTABILITY = YES;
				GCC_C_LANGUAGE_STANDARD = gnu99;
				GCC_DYNAMIC_NO_PIC = NO;
				GCC_NO_COMMON_BLOCKS = YES;
				GCC_OPTIMIZATION_LEVEL = 0;
				GCC_PREPROCESSOR_DEFINITIONS = (
					"DEBUG=1",
					"$(inherited)",
				);
				GCC_WARN_64_TO_32_BIT_CONVERSION = YES;
				GCC_WARN_ABOUT_RETURN_TYPE = YES_ERROR;
				GCC_WARN_UNDECLARED_SELECTOR = YES;
				GCC_WARN_UNINITIALIZED_AUTOS = YES_AGGRESSIVE;
				GCC_WARN_UNUSED_FUNCTION = YES;
				GCC_WARN_UNUSED_VARIABLE = YES;
				MACOSX_DEPLOYMENT_TARGET = 10.12;
				MTL_ENABLE_DEBUG_INFO = YES;
				ONLY_ACTIVE_ARCH = YES;
				SDKROOT = macosx;
				SWIFT_ACTIVE_COMPILATION_CONDITIONS = DEBUG;
				SWIFT_OPTIMIZATION_LEVEL = "-Onone";
			};
			name = Debug;
		};
		E4C437DC1E6D5D0A00F414B5 /* Release */ = {
			isa = XCBuildConfiguration;
			buildSettings = {
				ALWAYS_SEARCH_USER_PATHS = NO;
				CLANG_ANALYZER_NONNULL = YES;
				CLANG_CXX_LANGUAGE_STANDARD = "gnu++0x";
				CLANG_CXX_LIBRARY = "libc++";
				CLANG_ENABLE_MODULES = YES;
				CLANG_ENABLE_OBJC_ARC = YES;
				CLANG_WARN_BOOL_CONVERSION = YES;
				CLANG_WARN_CONSTANT_CONVERSION = YES;
				CLANG_WARN_DIRECT_OBJC_ISA_USAGE = YES_ERROR;
				CLANG_WARN_DOCUMENTATION_COMMENTS = YES;
				CLANG_WARN_EMPTY_BODY = YES;
				CLANG_WARN_ENUM_CONVERSION = YES;
				CLANG_WARN_INFINITE_RECURSION = YES;
				CLANG_WARN_INT_CONVERSION = YES;
				CLANG_WARN_OBJC_ROOT_CLASS = YES_ERROR;
				CLANG_WARN_SUSPICIOUS_MOVE = YES;
				CLANG_WARN_UNREACHABLE_CODE = YES;
				CLANG_WARN__DUPLICATE_METHOD_MATCH = YES;
				CODE_SIGN_IDENTITY = "-";
				COPY_PHASE_STRIP = NO;
				DEBUG_INFORMATION_FORMAT = "dwarf-with-dsym";
				ENABLE_NS_ASSERTIONS = NO;
				ENABLE_STRICT_OBJC_MSGSEND = YES;
				GCC_C_LANGUAGE_STANDARD = gnu99;
				GCC_NO_COMMON_BLOCKS = YES;
				GCC_WARN_64_TO_32_BIT_CONVERSION = YES;
				GCC_WARN_ABOUT_RETURN_TYPE = YES_ERROR;
				GCC_WARN_UNDECLARED_SELECTOR = YES;
				GCC_WARN_UNINITIALIZED_AUTOS = YES_AGGRESSIVE;
				GCC_WARN_UNUSED_FUNCTION = YES;
				GCC_WARN_UNUSED_VARIABLE = YES;
				MACOSX_DEPLOYMENT_TARGET = 10.12;
				MTL_ENABLE_DEBUG_INFO = NO;
				SDKROOT = macosx;
				SWIFT_OPTIMIZATION_LEVEL = "-Owholemodule";
			};
			name = Release;
		};
		E4C437DE1E6D5D0A00F414B5 /* Debug */ = {
			isa = XCBuildConfiguration;
			buildSettings = {
				ASSETCATALOG_COMPILER_APPICON_NAME = AppIcon;
				COMBINE_HIDPI_IMAGES = YES;
				INFOPLIST_FILE = HelloWorld/Info.plist;
				LD_RUNPATH_SEARCH_PATHS = "$(inherited) @executable_path/../Frameworks";
				PRODUCT_BUNDLE_IDENTIFIER = com.pasasoft.HelloWorld;
				PRODUCT_NAME = "$(TARGET_NAME)";
				SWIFT_VERSION = 3.0;
			};
			name = Debug;
		};
		E4C437DF1E6D5D0A00F414B5 /* Release */ = {
			isa = XCBuildConfiguration;
			buildSettings = {
				ASSETCATALOG_COMPILER_APPICON_NAME = AppIcon;
				COMBINE_HIDPI_IMAGES = YES;
				INFOPLIST_FILE = HelloWorld/Info.plist;
				LD_RUNPATH_SEARCH_PATHS = "$(inherited) @executable_path/../Frameworks";
				PRODUCT_BUNDLE_IDENTIFIER = com.pasasoft.HelloWorld;
				PRODUCT_NAME = "$(TARGET_NAME)";
				SWIFT_VERSION = 3.0;
			};
			name = Release;
		};
		E4C437E11E6D5D0A00F414B5 /* Debug */ = {
			isa = XCBuildConfiguration;
			buildSettings = {
				ALWAYS_EMBED_SWIFT_STANDARD_LIBRARIES = YES;
				BUNDLE_LOADER = "$(TEST_HOST)";
				COMBINE_HIDPI_IMAGES = YES;
				INFOPLIST_FILE = HelloWorldTests/Info.plist;
				LD_RUNPATH_SEARCH_PATHS = "$(inherited) @executable_path/../Frameworks @loader_path/../Frameworks";
				PRODUCT_BUNDLE_IDENTIFIER = com.pasasoft.HelloWorldTests;
				PRODUCT_NAME = "$(TARGET_NAME)";
				SWIFT_VERSION = 3.0;
				TEST_HOST = "$(BUILT_PRODUCTS_DIR)/HelloWorld.app/Contents/MacOS/HelloWorld";
			};
			name = Debug;
		};
		E4C437E21E6D5D0A00F414B5 /* Release */ = {
			isa = XCBuildConfiguration;
			buildSettings = {
				ALWAYS_EMBED_SWIFT_STANDARD_LIBRARIES = YES;
				BUNDLE_LOADER = "$(TEST_HOST)";
				COMBINE_HIDPI_IMAGES = YES;
				INFOPLIST_FILE = HelloWorldTests/Info.plist;
				LD_RUNPATH_SEARCH_PATHS = "$(inherited) @executable_path/../Frameworks @loader_path/../Frameworks";
				PRODUCT_BUNDLE_IDENTIFIER = com.pasasoft.HelloWorldTests;
				PRODUCT_NAME = "$(TARGET_NAME)";
				SWIFT_VERSION = 3.0;
				TEST_HOST = "$(BUILT_PRODUCTS_DIR)/HelloWorld.app/Contents/MacOS/HelloWorld";
			};
			name = Release;
		};
/* End XCBuildConfiguration section */

/* Begin XCConfigurationList section */
		E4C437BE1E6D5D0A00F414B5 /* Build configuration list for PBXProject "HelloWorld" */ = {
			isa = XCConfigurationList;
			buildConfigurations = (
				E4C437DB1E6D5D0A00F414B5 /* Debug */,
				E4C437DC1E6D5D0A00F414B5 /* Release */,
			);
			defaultConfigurationIsVisible = 0;
			defaultConfigurationName = Release;
		};
		E4C437DD1E6D5D0A00F414B5 /* Build configuration list for PBXNativeTarget "HelloWorld" */ = {
			isa = XCConfigurationList;
			buildConfigurations = (
				E4C437DE1E6D5D0A00F414B5 /* Debug */,
				E4C437DF1E6D5D0A00F414B5 /* Release */,
			);
			defaultConfigurationIsVisible = 0;
		};
		E4C437E01E6D5D0A00F414B5 /* Build configuration list for PBXNativeTarget "HelloWorldTests" */ = {
			isa = XCConfigurationList;
			buildConfigurations = (
				E4C437E11E6D5D0A00F414B5 /* Debug */,
				E4C437E21E6D5D0A00F414B5 /* Release */,
			);
			defaultConfigurationIsVisible = 0;
		};
/* End XCConfigurationList section */
	};
	rootObject = E4C437BB1E6D5D0A00F414B5 /* Project object */;
}
