// !$*UTF8*$!
{
	archiveVersion = 1;
	classes = {
	};
	objectVersion = 46;
	objects = {

/* Begin PBXBuildFile section */
		E40745741ED190AC00D46808 /* main.swift in Sources */ = {isa = PBXBuildFile; fileRef = E40745731ED190AC00D46808 /* main.swift */; };
		E407457B1ED190C100D46808 /* Floorplans.swift in Sources */ = {isa = PBXBuildFile; fileRef = E407457A1ED190C100D46808 /* Floorplans.swift */; };
		E407457D1ED1920B00D46808 /* Suspension.swift in Sources */ = {isa = PBXBuildFile; fileRef = E407457C1ED1920B00D46808 /* Suspension.swift */; };
		E407457F1ED1A75400D46808 /* Drivertrains.swift in Sources */ = {isa = PBXBuildFile; fileRef = E407457E1ED1A75400D46808 /* Drivertrains.swift */; };
		E40745811ED1A7ED00D46808 /* CarParts.swift in Sources */ = {isa = PBXBuildFile; fileRef = E40745801ED1A7ED00D46808 /* CarParts.swift */; };
		E40745831ED1A9A600D46808 /* Abstract.swift in Sources */ = {isa = PBXBuildFile; fileRef = E40745821ED1A9A600D46808 /* Abstract.swift */; };
		E40745851ED1AA0F00D46808 /* Concrete.swift in Sources */ = {isa = PBXBuildFile; fileRef = E40745841ED1AA0F00D46808 /* Concrete.swift */; };
/* End PBXBuildFile section */

/* Begin PBXCopyFilesBuildPhase section */
		E407456E1ED190AC00D46808 /* CopyFiles */ = {
			isa = PBXCopyFilesBuildPhase;
			buildActionMask = 2147483647;
			dstPath = /usr/share/man/man1/;
			dstSubfolderSpec = 0;
			files = (
			);
			runOnlyForDeploymentPostprocessing = 1;
		};
/* End PBXCopyFilesBuildPhase section */

/* Begin PBXFileReference section */
		E40745701ED190AC00D46808 /* The Abstract Factory Method Pattern */ = {isa = PBXFileReference; explicitFileType = "compiled.mach-o.executable"; includeInIndex = 0; path = "The Abstract Factory Method Pattern"; sourceTree = BUILT_PRODUCTS_DIR; };
		E40745731ED190AC00D46808 /* main.swift */ = {isa = PBXFileReference; lastKnownFileType = sourcecode.swift; path = main.swift; sourceTree = "<group>"; };
		E407457A1ED190C100D46808 /* Floorplans.swift */ = {isa = PBXFileReference; fileEncoding = 4; lastKnownFileType = sourcecode.swift; path = Floorplans.swift; sourceTree = "<group>"; };
		E407457C1ED1920B00D46808 /* Suspension.swift */ = {isa = PBXFileReference; fileEncoding = 4; lastKnownFileType = sourcecode.swift; path = Suspension.swift; sourceTree = "<group>"; };
		E407457E1ED1A75400D46808 /* Drivertrains.swift */ = {isa = PBXFileReference; fileEncoding = 4; lastKnownFileType = sourcecode.swift; path = Drivertrains.swift; sourceTree = "<group>"; };
		E40745801ED1A7ED00D46808 /* CarParts.swift */ = {isa = PBXFileReference; fileEncoding = 4; lastKnownFileType = sourcecode.swift; path = CarParts.swift; sourceTree = "<group>"; };
		E40745821ED1A9A600D46808 /* Abstract.swift */ = {isa = PBXFileReference; fileEncoding = 4; lastKnownFileType = sourcecode.swift; path = Abstract.swift; sourceTree = "<group>"; };
		E40745841ED1AA0F00D46808 /* Concrete.swift */ = {isa = PBXFileReference; fileEncoding = 4; lastKnownFileType = sourcecode.swift; path = Concrete.swift; sourceTree = "<group>"; };
/* End PBXFileReference section */

/* Begin PBXFrameworksBuildPhase section */
		E407456D1ED190AC00D46808 /* Frameworks */ = {
			isa = PBXFrameworksBuildPhase;
			buildActionMask = 2147483647;
			files = (
			);
			runOnlyForDeploymentPostprocessing = 0;
		};
/* End PBXFrameworksBuildPhase section */

/* Begin PBXGroup section */
		E40745671ED190AC00D46808 = {
			isa = PBXGroup;
			children = (
				E40745721ED190AC00D46808 /* The Abstract Factory Method Pattern */,
				E40745711ED190AC00D46808 /* Products */,
			);
			sourceTree = "<group>";
		};
		E40745711ED190AC00D46808 /* Products */ = {
			isa = PBXGroup;
			children = (
				E40745701ED190AC00D46808 /* The Abstract Factory Method Pattern */,
			);
			name = Products;
			sourceTree = "<group>";
		};
		E40745721ED190AC00D46808 /* The Abstract Factory Method Pattern */ = {
			isa = PBXGroup;
			children = (
				E40745731ED190AC00D46808 /* main.swift */,
				E407457A1ED190C100D46808 /* Floorplans.swift */,
				E407457C1ED1920B00D46808 /* Suspension.swift */,
				E407457E1ED1A75400D46808 /* Drivertrains.swift */,
				E40745801ED1A7ED00D46808 /* CarParts.swift */,
				E40745821ED1A9A600D46808 /* Abstract.swift */,
				E40745841ED1AA0F00D46808 /* Concrete.swift */,
			);
			path = "The Abstract Factory Method Pattern";
			sourceTree = "<group>";
		};
/* End PBXGroup section */

/* Begin PBXNativeTarget section */
		E407456F1ED190AC00D46808 /* The Abstract Factory Method Pattern */ = {
			isa = PBXNativeTarget;
			buildConfigurationList = E40745771ED190AC00D46808 /* Build configuration list for PBXNativeTarget "The Abstract Factory Method Pattern" */;
			buildPhases = (
				E407456C1ED190AC00D46808 /* Sources */,
				E407456D1ED190AC00D46808 /* Frameworks */,
				E407456E1ED190AC00D46808 /* CopyFiles */,
			);
			buildRules = (
			);
			dependencies = (
			);
			name = "The Abstract Factory Method Pattern";
			productName = "The Abstract Factory Method Pattern";
			productReference = E40745701ED190AC00D46808 /* The Abstract Factory Method Pattern */;
			productType = "com.apple.product-type.tool";
		};
/* End PBXNativeTarget section */

/* Begin PBXProject section */
		E40745681ED190AC00D46808 /* Project object */ = {
			isa = PBXProject;
			attributes = {
				LastSwiftUpdateCheck = 0830;
				LastUpgradeCheck = 0830;
				ORGANIZATIONNAME = "Carl Lee";
				TargetAttributes = {
					E407456F1ED190AC00D46808 = {
						CreatedOnToolsVersion = 8.3.2;
						ProvisioningStyle = Automatic;
					};
				};
			};
			buildConfigurationList = E407456B1ED190AC00D46808 /* Build configuration list for PBXProject "The Abstract Factory Method Pattern" */;
			compatibilityVersion = "Xcode 3.2";
			developmentRegion = English;
			hasScannedForEncodings = 0;
			knownRegions = (
				en,
			);
			mainGroup = E40745671ED190AC00D46808;
			productRefGroup = E40745711ED190AC00D46808 /* Products */;
			projectDirPath = "";
			projectRoot = "";
			targets = (
				E407456F1ED190AC00D46808 /* The Abstract Factory Method Pattern */,
			);
		};
/* End PBXProject section */

/* Begin PBXSourcesBuildPhase section */
		E407456C1ED190AC00D46808 /* Sources */ = {
			isa = PBXSourcesBuildPhase;
			buildActionMask = 2147483647;
			files = (
				E40745811ED1A7ED00D46808 /* CarParts.swift in Sources */,
				E40745741ED190AC00D46808 /* main.swift in Sources */,
				E407457D1ED1920B00D46808 /* Suspension.swift in Sources */,
				E407457F1ED1A75400D46808 /* Drivertrains.swift in Sources */,
				E40745851ED1AA0F00D46808 /* Concrete.swift in Sources */,
				E407457B1ED190C100D46808 /* Floorplans.swift in Sources */,
				E40745831ED1A9A600D46808 /* Abstract.swift in Sources */,
			);
			runOnlyForDeploymentPostprocessing = 0;
		};
/* End PBXSourcesBuildPhase section */

/* Begin XCBuildConfiguration section */
		E40745751ED190AC00D46808 /* Debug */ = {
			isa = XCBuildConfiguration;
			buildSettings = {
				ALWAYS_SEARCH_USER_PATHS = NO;
				CLANG_ANALYZER_NONNULL = YES;
				CLANG_ANALYZER_NUMBER_OBJECT_CONVERSION = YES_AGGRESSIVE;
				CLANG_CXX_LANGUAGE_STANDARD = "gnu++0x";
				CLANG_CXX_LIBRARY = "libc++";
				CLANG_ENABLE_MODULES = YES;
				CLANG_ENABLE_OBJC_ARC = YES;
				CLANG_WARN_BOOL_CONVERSION = YES;
				CLANG_WARN_CONSTANT_CONVERSION = YES;
				CLANG_WARN_DIRECT_OBJC_ISA_USAGE = YES_ERROR;
				CLANG_WARN_DOCUMENTATION_COMMENTS = YES;
				CLANG_WARN_EMPTY_BODY = YES;
				CLANG_WARN_ENUM_CONVERSION = YES;
				CLANG_WARN_INFINITE_RECURSION = YES;
				CLANG_WARN_INT_CONVERSION = YES;
				CLANG_WARN_OBJC_ROOT_CLASS = YES_ERROR;
				CLANG_WARN_SUSPICIOUS_MOVE = YES;
				CLANG_WARN_UNREACHABLE_CODE = YES;
				CLANG_WARN__DUPLICATE_METHOD_MATCH = YES;
				CODE_SIGN_IDENTITY = "-";
				COPY_PHASE_STRIP = NO;
				DEBUG_INFORMATION_FORMAT = dwarf;
				ENABLE_STRICT_OBJC_MSGSEND = YES;
				ENABLE_TESTABILITY = YES;
				GCC_C_LANGUAGE_STANDARD = gnu99;
				GCC_DYNAMIC_NO_PIC = NO;
				GCC_NO_COMMON_BLOCKS = YES;
				GCC_OPTIMIZATION_LEVEL = 0;
				GCC_PREPROCESSOR_DEFINITIONS = (
					"DEBUG=1",
					"$(inherited)",
				);
				GCC_WARN_64_TO_32_BIT_CONVERSION = YES;
				GCC_WARN_ABOUT_RETURN_TYPE = YES_ERROR;
				GCC_WARN_UNDECLARED_SELECTOR = YES;
				GCC_WARN_UNINITIALIZED_AUTOS = YES_AGGRESSIVE;
				GCC_WARN_UNUSED_FUNCTION = YES;
				GCC_WARN_UNUSED_VARIABLE = YES;
				MACOSX_DEPLOYMENT_TARGET = 10.12;
				MTL_ENABLE_DEBUG_INFO = YES;
				ONLY_ACTIVE_ARCH = YES;
				SDKROOT = macosx;
				SWIFT_OPTIMIZATION_LEVEL = "-Onone";
			};
			name = Debug;
		};
		E40745761ED190AC00D46808 /* Release */ = {
			isa = XCBuildConfiguration;
			buildSettings = {
				ALWAYS_SEARCH_USER_PATHS = NO;
				CLANG_ANALYZER_NONNULL = YES;
				CLANG_ANALYZER_NUMBER_OBJECT_CONVERSION = YES_AGGRESSIVE;
				CLANG_CXX_LANGUAGE_STANDARD = "gnu++0x";
				CLANG_CXX_LIBRARY = "libc++";
				CLANG_ENABLE_MODULES = YES;
				CLANG_ENABLE_OBJC_ARC = YES;
				CLANG_WARN_BOOL_CONVERSION = YES;
				CLANG_WARN_CONSTANT_CONVERSION = YES;
				CLANG_WARN_DIRECT_OBJC_ISA_USAGE = YES_ERROR;
				CLANG_WARN_DOCUMENTATION_COMMENTS = YES;
				CLANG_WARN_EMPTY_BODY = YES;
				CLANG_WARN_ENUM_CONVERSION = YES;
				CLANG_WARN_INFINITE_RECURSION = YES;
				CLANG_WARN_INT_CONVERSION = YES;
				CLANG_WARN_OBJC_ROOT_CLASS = YES_ERROR;
				CLANG_WARN_SUSPICIOUS_MOVE = YES;
				CLANG_WARN_UNREACHABLE_CODE = YES;
				CLANG_WARN__DUPLICATE_METHOD_MATCH = YES;
				CODE_SIGN_IDENTITY = "-";
				COPY_PHASE_STRIP = NO;
				DEBUG_INFORMATION_FORMAT = "dwarf-with-dsym";
				ENABLE_NS_ASSERTIONS = NO;
				ENABLE_STRICT_OBJC_MSGSEND = YES;
				GCC_C_LANGUAGE_STANDARD = gnu99;
				GCC_NO_COMMON_BLOCKS = YES;
				GCC_WARN_64_TO_32_BIT_CONVERSION = YES;
				GCC_WARN_ABOUT_RETURN_TYPE = YES_ERROR;
				GCC_WARN_UNDECLARED_SELECTOR = YES;
				GCC_WARN_UNINITIALIZED_AUTOS = YES_AGGRESSIVE;
				GCC_WARN_UNUSED_FUNCTION = YES;
				GCC_WARN_UNUSED_VARIABLE = YES;
				MACOSX_DEPLOYMENT_TARGET = 10.12;
				MTL_ENABLE_DEBUG_INFO = NO;
				SDKROOT = macosx;
			};
			name = Release;
		};
		E40745781ED190AC00D46808 /* Debug */ = {
			isa = XCBuildConfiguration;
			buildSettings = {
				PRODUCT_NAME = "$(TARGET_NAME)";
				SWIFT_VERSION = 3.0;
			};
			name = Debug;
		};
		E40745791ED190AC00D46808 /* Release */ = {
			isa = XCBuildConfiguration;
			buildSettings = {
				PRODUCT_NAME = "$(TARGET_NAME)";
				SWIFT_VERSION = 3.0;
			};
			name = Release;
		};
/* End XCBuildConfiguration section */

/* Begin XCConfigurationList section */
		E407456B1ED190AC00D46808 /* Build configuration list for PBXProject "The Abstract Factory Method Pattern" */ = {
			isa = XCConfigurationList;
			buildConfigurations = (
				E40745751ED190AC00D46808 /* Debug */,
				E40745761ED190AC00D46808 /* Release */,
			);
			defaultConfigurationIsVisible = 0;
			defaultConfigurationName = Release;
		};
		E40745771ED190AC00D46808 /* Build configuration list for PBXNativeTarget "The Abstract Factory Method Pattern" */ = {
			isa = XCConfigurationList;
			buildConfigurations = (
				E40745781ED190AC00D46808 /* Debug */,
				E40745791ED190AC00D46808 /* Release */,
			);
			defaultConfigurationIsVisible = 0;
			defaultConfigurationName = Release;
		};
/* End XCConfigurationList section */
	};
	rootObject = E40745681ED190AC00D46808 /* Project object */;
}
